// !$*UTF8*$!
{
	archiveVersion = 1;
	classes = {
	};
	objectVersion = 46;
	objects = {

/* Begin PBXBuildFile section */
		1CCF96AB174E1FEA00592A34 /* UIKit.framework in Frameworks */ = {isa = PBXBuildFile; fileRef = 1CCF96AA174E1FEA00592A34 /* UIKit.framework */; };
		1CCF96AD174E1FEA00592A34 /* Foundation.framework in Frameworks */ = {isa = PBXBuildFile; fileRef = 1CCF96AC174E1FEA00592A34 /* Foundation.framework */; };
		1CCF96AF174E1FEA00592A34 /* CoreGraphics.framework in Frameworks */ = {isa = PBXBuildFile; fileRef = 1CCF96AE174E1FEA00592A34 /* CoreGraphics.framework */; };
		1CCF96B5174E1FEA00592A34 /* InfoPlist.strings in Resources */ = {isa = PBXBuildFile; fileRef = 1CCF96B3174E1FEA00592A34 /* InfoPlist.strings */; };
		1CCF96B7174E1FEA00592A34 /* main.m in Sources */ = {isa = PBXBuildFile; fileRef = 1CCF96B6174E1FEA00592A34 /* main.m */; };
		1CCF96BB174E1FEA00592A34 /* AppDelegate.m in Sources */ = {isa = PBXBuildFile; fileRef = 1CCF96BA174E1FEA00592A34 /* AppDelegate.m */; };
		1CCF96BD174E1FEA00592A34 /* Default.png in Resources */ = {isa = PBXBuildFile; fileRef = 1CCF96BC174E1FEA00592A34 /* Default.png */; };
		1CCF96BF174E1FEA00592A34 /* Default@2x.png in Resources */ = {isa = PBXBuildFile; fileRef = 1CCF96BE174E1FEA00592A34 /* Default@2x.png */; };
		1CCF96C1174E1FEA00592A34 /* Default-568h@2x.png in Resources */ = {isa = PBXBuildFile; fileRef = 1CCF96C0174E1FEA00592A34 /* Default-568h@2x.png */; };
		1CCF96C4174E1FEA00592A34 /* MainStoryboard.storyboard in Resources */ = {isa = PBXBuildFile; fileRef = 1CCF96C2174E1FEA00592A34 /* MainStoryboard.storyboard */; };
		1CCF96C7174E1FEA00592A34 /* ViewController.m in Sources */ = {isa = PBXBuildFile; fileRef = 1CCF96C6174E1FEA00592A34 /* ViewController.m */; };
		1CCF9728174FBA7100592A34 /* AudioToolbox.framework in Frameworks */ = {isa = PBXBuildFile; fileRef = 1CCF9727174FBA7100592A34 /* AudioToolbox.framework */; };
		1CCF972A174FBA8900592A34 /* AVFoundation.framework in Frameworks */ = {isa = PBXBuildFile; fileRef = 1CCF9729174FBA8900592A34 /* AVFoundation.framework */; };
		1CCF972C174FBC4000592A34 /* CFNetwork.framework in Frameworks */ = {isa = PBXBuildFile; fileRef = 1CCF972B174FBC4000592A34 /* CFNetwork.framework */; };
		1CCF972E174FBC6A00592A34 /* CoreMedia.framework in Frameworks */ = {isa = PBXBuildFile; fileRef = 1CCF972D174FBC6A00592A34 /* CoreMedia.framework */; };
		1CCF9730174FBC8B00592A34 /* CoreVideo.framework in Frameworks */ = {isa = PBXBuildFile; fileRef = 1CCF972F174FBC8B00592A34 /* CoreVideo.framework */; };
		1CCF9732174FBCB600592A34 /* Security.framework in Frameworks */ = {isa = PBXBuildFile; fileRef = 1CCF9731174FBCB600592A34 /* Security.framework */; };
		1CCF97E9174FC58200592A34 /* CoreData.framework in Frameworks */ = {isa = PBXBuildFile; fileRef = 1CCF9733174FC07E00592A34 /* CoreData.framework */; };
		1CCF97EB174FC5C300592A34 /* libz.dylib in Frameworks */ = {isa = PBXBuildFile; fileRef = 1CCF97EA174FC5C300592A34 /* libz.dylib */; };
		F9BB0211187ABF940076BC6D /* backendless.a in Frameworks */ = {isa = PBXBuildFile; fileRef = F9BB0169187ABF930076BC6D /* backendless.a */; };
		F9BB0213187ABF940076BC6D /* CommLibiOS.a in Frameworks */ = {isa = PBXBuildFile; fileRef = F9BB0196187ABF930076BC6D /* CommLibiOS.a */; };
		F9BB0214187ABF950076BC6D /* Communication Library for iOS User Guide.pdf in Resources */ = {isa = PBXBuildFile; fileRef = F9BB0198187ABF930076BC6D /* Communication Library for iOS User Guide.pdf */; };
		F9BB0215187ABF950076BC6D /* WeborbClient Class Reference.odt in Resources */ = {isa = PBXBuildFile; fileRef = F9BB0199187ABF930076BC6D /* WeborbClient Class Reference.odt */; };
		F9BB0217187ABF950076BC6D /* libavcodec.a in Frameworks */ = {isa = PBXBuildFile; fileRef = F9BB01FE187ABF940076BC6D /* libavcodec.a */; };
		F9BB0218187ABF950076BC6D /* libavdevice.a in Frameworks */ = {isa = PBXBuildFile; fileRef = F9BB01FF187ABF940076BC6D /* libavdevice.a */; };
		F9BB0219187ABF950076BC6D /* libavfilter.a in Frameworks */ = {isa = PBXBuildFile; fileRef = F9BB0200187ABF940076BC6D /* libavfilter.a */; };
		F9BB021A187ABF950076BC6D /* libavformat.a in Frameworks */ = {isa = PBXBuildFile; fileRef = F9BB0201187ABF940076BC6D /* libavformat.a */; };
		F9BB021B187ABF950076BC6D /* libavresample.a in Frameworks */ = {isa = PBXBuildFile; fileRef = F9BB0202187ABF940076BC6D /* libavresample.a */; };
		F9BB021C187ABF950076BC6D /* libavutil.a in Frameworks */ = {isa = PBXBuildFile; fileRef = F9BB0203187ABF940076BC6D /* libavutil.a */; };
		F9BB021D187ABF950076BC6D /* libswscale.a in Frameworks */ = {isa = PBXBuildFile; fileRef = F9BB0204187ABF940076BC6D /* libswscale.a */; };
		F9BB021E187ABF950076BC6D /* make-libav-lgpl-ios61.sh in Resources */ = {isa = PBXBuildFile; fileRef = F9BB0206187ABF940076BC6D /* make-libav-lgpl-ios61.sh */; };
		F9BB021F187ABF950076BC6D /* Building Media Stream Apps.docx in Resources */ = {isa = PBXBuildFile; fileRef = F9BB0209187ABF940076BC6D /* Building Media Stream Apps.docx */; };
		F9BB0220187ABF950076BC6D /* Media Library for iOS User Guide.docx in Resources */ = {isa = PBXBuildFile; fileRef = F9BB020A187ABF940076BC6D /* Media Library for iOS User Guide.docx */; };
		F9BB0221187ABF950076BC6D /* MediaLibiOS.a in Frameworks */ = {isa = PBXBuildFile; fileRef = F9BB0210187ABF940076BC6D /* MediaLibiOS.a */; };
/* End PBXBuildFile section */

/* Begin PBXFileReference section */
		1CCF96A7174E1FEA00592A34 /* SimpleVideoService.app */ = {isa = PBXFileReference; explicitFileType = wrapper.application; includeInIndex = 0; path = SimpleVideoService.app; sourceTree = BUILT_PRODUCTS_DIR; };
		1CCF96AA174E1FEA00592A34 /* UIKit.framework */ = {isa = PBXFileReference; lastKnownFileType = wrapper.framework; name = UIKit.framework; path = System/Library/Frameworks/UIKit.framework; sourceTree = SDKROOT; };
		1CCF96AC174E1FEA00592A34 /* Foundation.framework */ = {isa = PBXFileReference; lastKnownFileType = wrapper.framework; name = Foundation.framework; path = System/Library/Frameworks/Foundation.framework; sourceTree = SDKROOT; };
		1CCF96AE174E1FEA00592A34 /* CoreGraphics.framework */ = {isa = PBXFileReference; lastKnownFileType = wrapper.framework; name = CoreGraphics.framework; path = System/Library/Frameworks/CoreGraphics.framework; sourceTree = SDKROOT; };
		1CCF96B2174E1FEA00592A34 /* SimpleVideoService-Info.plist */ = {isa = PBXFileReference; lastKnownFileType = text.plist.xml; path = "SimpleVideoService-Info.plist"; sourceTree = "<group>"; };
		1CCF96B4174E1FEA00592A34 /* en */ = {isa = PBXFileReference; lastKnownFileType = text.plist.strings; name = en; path = en.lproj/InfoPlist.strings; sourceTree = "<group>"; };
		1CCF96B6174E1FEA00592A34 /* main.m */ = {isa = PBXFileReference; lastKnownFileType = sourcecode.c.objc; path = main.m; sourceTree = "<group>"; };
		1CCF96B8174E1FEA00592A34 /* SimpleVideoService-Prefix.pch */ = {isa = PBXFileReference; lastKnownFileType = sourcecode.c.h; path = "SimpleVideoService-Prefix.pch"; sourceTree = "<group>"; };
		1CCF96B9174E1FEA00592A34 /* AppDelegate.h */ = {isa = PBXFileReference; lastKnownFileType = sourcecode.c.h; path = AppDelegate.h; sourceTree = "<group>"; };
		1CCF96BA174E1FEA00592A34 /* AppDelegate.m */ = {isa = PBXFileReference; lastKnownFileType = sourcecode.c.objc; path = AppDelegate.m; sourceTree = "<group>"; };
		1CCF96BC174E1FEA00592A34 /* Default.png */ = {isa = PBXFileReference; lastKnownFileType = image.png; path = Default.png; sourceTree = "<group>"; };
		1CCF96BE174E1FEA00592A34 /* Default@2x.png */ = {isa = PBXFileReference; lastKnownFileType = image.png; path = "Default@2x.png"; sourceTree = "<group>"; };
		1CCF96C0174E1FEA00592A34 /* Default-568h@2x.png */ = {isa = PBXFileReference; lastKnownFileType = image.png; path = "Default-568h@2x.png"; sourceTree = "<group>"; };
		1CCF96C3174E1FEA00592A34 /* en */ = {isa = PBXFileReference; lastKnownFileType = file.storyboard; name = en; path = en.lproj/MainStoryboard.storyboard; sourceTree = "<group>"; };
		1CCF96C5174E1FEA00592A34 /* ViewController.h */ = {isa = PBXFileReference; lastKnownFileType = sourcecode.c.h; path = ViewController.h; sourceTree = "<group>"; };
		1CCF96C6174E1FEA00592A34 /* ViewController.m */ = {isa = PBXFileReference; lastKnownFileType = sourcecode.c.objc; path = ViewController.m; sourceTree = "<group>"; };
		1CCF9727174FBA7100592A34 /* AudioToolbox.framework */ = {isa = PBXFileReference; lastKnownFileType = wrapper.framework; name = AudioToolbox.framework; path = System/Library/Frameworks/AudioToolbox.framework; sourceTree = SDKROOT; };
		1CCF9729174FBA8900592A34 /* AVFoundation.framework */ = {isa = PBXFileReference; lastKnownFileType = wrapper.framework; name = AVFoundation.framework; path = System/Library/Frameworks/AVFoundation.framework; sourceTree = SDKROOT; };
		1CCF972B174FBC4000592A34 /* CFNetwork.framework */ = {isa = PBXFileReference; lastKnownFileType = wrapper.framework; name = CFNetwork.framework; path = System/Library/Frameworks/CFNetwork.framework; sourceTree = SDKROOT; };
		1CCF972D174FBC6A00592A34 /* CoreMedia.framework */ = {isa = PBXFileReference; lastKnownFileType = wrapper.framework; name = CoreMedia.framework; path = System/Library/Frameworks/CoreMedia.framework; sourceTree = SDKROOT; };
		1CCF972F174FBC8B00592A34 /* CoreVideo.framework */ = {isa = PBXFileReference; lastKnownFileType = wrapper.framework; name = CoreVideo.framework; path = System/Library/Frameworks/CoreVideo.framework; sourceTree = SDKROOT; };
		1CCF9731174FBCB600592A34 /* Security.framework */ = {isa = PBXFileReference; lastKnownFileType = wrapper.framework; name = Security.framework; path = System/Library/Frameworks/Security.framework; sourceTree = SDKROOT; };
		1CCF9733174FC07E00592A34 /* CoreData.framework */ = {isa = PBXFileReference; lastKnownFileType = wrapper.framework; name = CoreData.framework; path = System/Library/Frameworks/CoreData.framework; sourceTree = SDKROOT; };
		1CCF97EA174FC5C300592A34 /* libz.dylib */ = {isa = PBXFileReference; lastKnownFileType = "compiled.mach-o.dylib"; name = libz.dylib; path = usr/lib/libz.dylib; sourceTree = SDKROOT; };
		F9BB0169187ABF930076BC6D /* backendless.a */ = {isa = PBXFileReference; lastKnownFileType = archive.ar; path = backendless.a; sourceTree = "<group>"; };
		F9BB016B187ABF930076BC6D /* AbstractProperty.h */ = {isa = PBXFileReference; fileEncoding = 4; lastKnownFileType = sourcecode.c.h; path = AbstractProperty.h; sourceTree = "<group>"; };
		F9BB016C187ABF930076BC6D /* AbstractQuery.h */ = {isa = PBXFileReference; fileEncoding = 4; lastKnownFileType = sourcecode.c.h; path = AbstractQuery.h; sourceTree = "<group>"; };
		F9BB016D187ABF930076BC6D /* Backendless.h */ = {isa = PBXFileReference; fileEncoding = 4; lastKnownFileType = sourcecode.c.h; path = Backendless.h; sourceTree = "<group>"; };
		F9BB016E187ABF930076BC6D /* BackendlessCachePolicy.h */ = {isa = PBXFileReference; fileEncoding = 4; lastKnownFileType = sourcecode.c.h; path = BackendlessCachePolicy.h; sourceTree = "<group>"; };
		F9BB016F187ABF930076BC6D /* BackendlessCacheProtocol.h */ = {isa = PBXFileReference; fileEncoding = 4; lastKnownFileType = sourcecode.c.h; path = BackendlessCacheProtocol.h; sourceTree = "<group>"; };
		F9BB0170187ABF930076BC6D /* BackendlessCollection.h */ = {isa = PBXFileReference; fileEncoding = 4; lastKnownFileType = sourcecode.c.h; path = BackendlessCollection.h; sourceTree = "<group>"; };
		F9BB0171187ABF930076BC6D /* BackendlessDataQuery.h */ = {isa = PBXFileReference; fileEncoding = 4; lastKnownFileType = sourcecode.c.h; path = BackendlessDataQuery.h; sourceTree = "<group>"; };
		F9BB0172187ABF930076BC6D /* BackendlessEntity.h */ = {isa = PBXFileReference; fileEncoding = 4; lastKnownFileType = sourcecode.c.h; path = BackendlessEntity.h; sourceTree = "<group>"; };
		F9BB0173187ABF930076BC6D /* BackendlessFile.h */ = {isa = PBXFileReference; fileEncoding = 4; lastKnownFileType = sourcecode.c.h; path = BackendlessFile.h; sourceTree = "<group>"; };
		F9BB0174187ABF930076BC6D /* BackendlessGeoQuery.h */ = {isa = PBXFileReference; fileEncoding = 4; lastKnownFileType = sourcecode.c.h; path = BackendlessGeoQuery.h; sourceTree = "<group>"; };
		F9BB0175187ABF930076BC6D /* BackendlessUser.h */ = {isa = PBXFileReference; fileEncoding = 4; lastKnownFileType = sourcecode.c.h; path = BackendlessUser.h; sourceTree = "<group>"; };
		F9BB0176187ABF930076BC6D /* BEAnnotation.h */ = {isa = PBXFileReference; fileEncoding = 4; lastKnownFileType = sourcecode.c.h; path = BEAnnotation.h; sourceTree = "<group>"; };
		F9BB0177187ABF930076BC6D /* BECollectionView.h */ = {isa = PBXFileReference; fileEncoding = 4; lastKnownFileType = sourcecode.c.h; path = BECollectionView.h; sourceTree = "<group>"; };
		F9BB0178187ABF930076BC6D /* BEMapView.h */ = {isa = PBXFileReference; fileEncoding = 4; lastKnownFileType = sourcecode.c.h; path = BEMapView.h; sourceTree = "<group>"; };
		F9BB0179187ABF930076BC6D /* BESubscription.h */ = {isa = PBXFileReference; fileEncoding = 4; lastKnownFileType = sourcecode.c.h; path = BESubscription.h; sourceTree = "<group>"; };
		F9BB017A187ABF930076BC6D /* BETableView.h */ = {isa = PBXFileReference; fileEncoding = 4; lastKnownFileType = sourcecode.c.h; path = BETableView.h; sourceTree = "<group>"; };
		F9BB017B187ABF930076BC6D /* DataStoreFactory.h */ = {isa = PBXFileReference; fileEncoding = 4; lastKnownFileType = sourcecode.c.h; path = DataStoreFactory.h; sourceTree = "<group>"; };
		F9BB017C187ABF930076BC6D /* DeliveryOptions.h */ = {isa = PBXFileReference; fileEncoding = 4; lastKnownFileType = sourcecode.c.h; path = DeliveryOptions.h; sourceTree = "<group>"; };
		F9BB017D187ABF930076BC6D /* DeviceRegistration.h */ = {isa = PBXFileReference; fileEncoding = 4; lastKnownFileType = sourcecode.c.h; path = DeviceRegistration.h; sourceTree = "<group>"; };
		F9BB017E187ABF930076BC6D /* FileService.h */ = {isa = PBXFileReference; fileEncoding = 4; lastKnownFileType = sourcecode.c.h; path = FileService.h; sourceTree = "<group>"; };
		F9BB017F187ABF930076BC6D /* GeoCategory.h */ = {isa = PBXFileReference; fileEncoding = 4; lastKnownFileType = sourcecode.c.h; path = GeoCategory.h; sourceTree = "<group>"; };
		F9BB0180187ABF930076BC6D /* GeoPoint.h */ = {isa = PBXFileReference; fileEncoding = 4; lastKnownFileType = sourcecode.c.h; path = GeoPoint.h; sourceTree = "<group>"; };
		F9BB0181187ABF930076BC6D /* GeoService.h */ = {isa = PBXFileReference; fileEncoding = 4; lastKnownFileType = sourcecode.c.h; path = GeoService.h; sourceTree = "<group>"; };
		F9BB0182187ABF930076BC6D /* HashMap.h */ = {isa = PBXFileReference; fileEncoding = 4; lastKnownFileType = sourcecode.c.h; path = HashMap.h; sourceTree = "<group>"; };
		F9BB0183187ABF930076BC6D /* IDataStore.h */ = {isa = PBXFileReference; fileEncoding = 4; lastKnownFileType = sourcecode.c.h; path = IDataStore.h; sourceTree = "<group>"; };
		F9BB0184187ABF930076BC6D /* IMediaStreamer.h */ = {isa = PBXFileReference; fileEncoding = 4; lastKnownFileType = sourcecode.c.h; path = IMediaStreamer.h; sourceTree = "<group>"; };
		F9BB0185187ABF930076BC6D /* MediaPlaybackOptions.h */ = {isa = PBXFileReference; fileEncoding = 4; lastKnownFileType = sourcecode.c.h; path = MediaPlaybackOptions.h; sourceTree = "<group>"; };
		F9BB0186187ABF930076BC6D /* MediaPlayer.h */ = {isa = PBXFileReference; fileEncoding = 4; lastKnownFileType = sourcecode.c.h; path = MediaPlayer.h; sourceTree = "<group>"; };
		F9BB0187187ABF930076BC6D /* MediaPublisher.h */ = {isa = PBXFileReference; fileEncoding = 4; lastKnownFileType = sourcecode.c.h; path = MediaPublisher.h; sourceTree = "<group>"; };
		F9BB0188187ABF930076BC6D /* MediaPublishOptions.h */ = {isa = PBXFileReference; fileEncoding = 4; lastKnownFileType = sourcecode.c.h; path = MediaPublishOptions.h; sourceTree = "<group>"; };
		F9BB0189187ABF930076BC6D /* MediaService.h */ = {isa = PBXFileReference; fileEncoding = 4; lastKnownFileType = sourcecode.c.h; path = MediaService.h; sourceTree = "<group>"; };
		F9BB018A187ABF930076BC6D /* Message.h */ = {isa = PBXFileReference; fileEncoding = 4; lastKnownFileType = sourcecode.c.h; path = Message.h; sourceTree = "<group>"; };
		F9BB018B187ABF930076BC6D /* MessageStatus.h */ = {isa = PBXFileReference; fileEncoding = 4; lastKnownFileType = sourcecode.c.h; path = MessageStatus.h; sourceTree = "<group>"; };
		F9BB018C187ABF930076BC6D /* MessagingService.h */ = {isa = PBXFileReference; fileEncoding = 4; lastKnownFileType = sourcecode.c.h; path = MessagingService.h; sourceTree = "<group>"; };
		F9BB018D187ABF930076BC6D /* ObjectProperty.h */ = {isa = PBXFileReference; fileEncoding = 4; lastKnownFileType = sourcecode.c.h; path = ObjectProperty.h; sourceTree = "<group>"; };
		F9BB018E187ABF930076BC6D /* PersistenceService.h */ = {isa = PBXFileReference; fileEncoding = 4; lastKnownFileType = sourcecode.c.h; path = PersistenceService.h; sourceTree = "<group>"; };
		F9BB018F187ABF930076BC6D /* PublishOptions.h */ = {isa = PBXFileReference; fileEncoding = 4; lastKnownFileType = sourcecode.c.h; path = PublishOptions.h; sourceTree = "<group>"; };
		F9BB0190187ABF930076BC6D /* QueryOptions.h */ = {isa = PBXFileReference; fileEncoding = 4; lastKnownFileType = sourcecode.c.h; path = QueryOptions.h; sourceTree = "<group>"; };
		F9BB0191187ABF930076BC6D /* SubscriptionOptions.h */ = {isa = PBXFileReference; fileEncoding = 4; lastKnownFileType = sourcecode.c.h; path = SubscriptionOptions.h; sourceTree = "<group>"; };
		F9BB0192187ABF930076BC6D /* UserProperty.h */ = {isa = PBXFileReference; fileEncoding = 4; lastKnownFileType = sourcecode.c.h; path = UserProperty.h; sourceTree = "<group>"; };
		F9BB0193187ABF930076BC6D /* UserService.h */ = {isa = PBXFileReference; fileEncoding = 4; lastKnownFileType = sourcecode.c.h; path = UserService.h; sourceTree = "<group>"; };
		F9BB0194187ABF930076BC6D /* libbackendless-mac.a */ = {isa = PBXFileReference; lastKnownFileType = archive.ar; path = "libbackendless-mac.a"; sourceTree = "<group>"; };
		F9BB0196187ABF930076BC6D /* CommLibiOS.a */ = {isa = PBXFileReference; lastKnownFileType = archive.ar; path = CommLibiOS.a; sourceTree = "<group>"; };
		F9BB0198187ABF930076BC6D /* Communication Library for iOS User Guide.pdf */ = {isa = PBXFileReference; lastKnownFileType = image.pdf; path = "Communication Library for iOS User Guide.pdf"; sourceTree = "<group>"; };
		F9BB0199187ABF930076BC6D /* WeborbClient Class Reference.odt */ = {isa = PBXFileReference; lastKnownFileType = file; path = "WeborbClient Class Reference.odt"; sourceTree = "<group>"; };
		F9BB019B187ABF930076BC6D /* AMFSerializer.h */ = {isa = PBXFileReference; fileEncoding = 4; lastKnownFileType = sourcecode.c.h; path = AMFSerializer.h; sourceTree = "<group>"; };
		F9BB019C187ABF930076BC6D /* BinaryCodec.h */ = {isa = PBXFileReference; fileEncoding = 4; lastKnownFileType = sourcecode.c.h; path = BinaryCodec.h; sourceTree = "<group>"; };
		F9BB019D187ABF930076BC6D /* BinaryStream.h */ = {isa = PBXFileReference; fileEncoding = 4; lastKnownFileType = sourcecode.c.h; path = BinaryStream.h; sourceTree = "<group>"; };
		F9BB019E187ABF930076BC6D /* DEBUG.h */ = {isa = PBXFileReference; fileEncoding = 4; lastKnownFileType = sourcecode.c.h; path = DEBUG.h; sourceTree = "<group>"; };
		F9BB019F187ABF930076BC6D /* FlashorbBinaryReader.h */ = {isa = PBXFileReference; fileEncoding = 4; lastKnownFileType = sourcecode.c.h; path = FlashorbBinaryReader.h; sourceTree = "<group>"; };
		F9BB01A0187ABF930076BC6D /* FlashorbBinaryWriter.h */ = {isa = PBXFileReference; fileEncoding = 4; lastKnownFileType = sourcecode.c.h; path = FlashorbBinaryWriter.h; sourceTree = "<group>"; };
		F9BB01A1187ABF930076BC6D /* IAttributeStore.h */ = {isa = PBXFileReference; fileEncoding = 4; lastKnownFileType = sourcecode.c.h; path = IAttributeStore.h; sourceTree = "<group>"; };
		F9BB01A2187ABF930076BC6D /* IClientSharedObject.h */ = {isa = PBXFileReference; fileEncoding = 4; lastKnownFileType = sourcecode.c.h; path = IClientSharedObject.h; sourceTree = "<group>"; };
		F9BB01A3187ABF930076BC6D /* IClientSharedObjectDelegate.h */ = {isa = PBXFileReference; fileEncoding = 4; lastKnownFileType = sourcecode.c.h; path = IClientSharedObjectDelegate.h; sourceTree = "<group>"; };
		F9BB01A4187ABF930076BC6D /* IPendingServiceCallback.h */ = {isa = PBXFileReference; fileEncoding = 4; lastKnownFileType = sourcecode.c.h; path = IPendingServiceCallback.h; sourceTree = "<group>"; };
		F9BB01A5187ABF930076BC6D /* IPersistable.h */ = {isa = PBXFileReference; fileEncoding = 4; lastKnownFileType = sourcecode.c.h; path = IPersistable.h; sourceTree = "<group>"; };
		F9BB01A6187ABF930076BC6D /* IRTMProtocol.h */ = {isa = PBXFileReference; fileEncoding = 4; lastKnownFileType = sourcecode.c.h; path = IRTMProtocol.h; sourceTree = "<group>"; };
		F9BB01A7187ABF930076BC6D /* IServiceCall.h */ = {isa = PBXFileReference; fileEncoding = 4; lastKnownFileType = sourcecode.c.h; path = IServiceCall.h; sourceTree = "<group>"; };
		F9BB01A8187ABF930076BC6D /* ISharedObjectListener.h */ = {isa = PBXFileReference; fileEncoding = 4; lastKnownFileType = sourcecode.c.h; path = ISharedObjectListener.h; sourceTree = "<group>"; };
		F9BB01A9187ABF930076BC6D /* MemoryTicker.h */ = {isa = PBXFileReference; fileEncoding = 4; lastKnownFileType = sourcecode.c.h; path = MemoryTicker.h; sourceTree = "<group>"; };
		F9BB01AA187ABF930076BC6D /* Responder.h */ = {isa = PBXFileReference; fileEncoding = 4; lastKnownFileType = sourcecode.c.h; path = Responder.h; sourceTree = "<group>"; };
		F9BB01AB187ABF930076BC6D /* RTMPClient.h */ = {isa = PBXFileReference; fileEncoding = 4; lastKnownFileType = sourcecode.c.h; path = RTMPClient.h; sourceTree = "<group>"; };
		F9BB01AC187ABF930076BC6D /* Types.h */ = {isa = PBXFileReference; fileEncoding = 4; lastKnownFileType = sourcecode.c.h; path = Types.h; sourceTree = "<group>"; };
		F9BB01AD187ABF930076BC6D /* WeborbClient.h */ = {isa = PBXFileReference; fileEncoding = 4; lastKnownFileType = sourcecode.c.h; path = WeborbClient.h; sourceTree = "<group>"; };
		F9BB01AE187ABF930076BC6D /* libCommLibMac.a */ = {isa = PBXFileReference; lastKnownFileType = archive.ar; path = libCommLibMac.a; sourceTree = "<group>"; };
		F9BB01B2187ABF930076BC6D /* avcodec.h */ = {isa = PBXFileReference; fileEncoding = 4; lastKnownFileType = sourcecode.c.h; path = avcodec.h; sourceTree = "<group>"; };
		F9BB01B3187ABF930076BC6D /* avfft.h */ = {isa = PBXFileReference; fileEncoding = 4; lastKnownFileType = sourcecode.c.h; path = avfft.h; sourceTree = "<group>"; };
		F9BB01B4187ABF930076BC6D /* dxva2.h */ = {isa = PBXFileReference; fileEncoding = 4; lastKnownFileType = sourcecode.c.h; path = dxva2.h; sourceTree = "<group>"; };
		F9BB01B5187ABF930076BC6D /* vaapi.h */ = {isa = PBXFileReference; fileEncoding = 4; lastKnownFileType = sourcecode.c.h; path = vaapi.h; sourceTree = "<group>"; };
		F9BB01B6187ABF930076BC6D /* vda.h */ = {isa = PBXFileReference; fileEncoding = 4; lastKnownFileType = sourcecode.c.h; path = vda.h; sourceTree = "<group>"; };
		F9BB01B7187ABF940076BC6D /* vdpau.h */ = {isa = PBXFileReference; fileEncoding = 4; lastKnownFileType = sourcecode.c.h; path = vdpau.h; sourceTree = "<group>"; };
		F9BB01B8187ABF940076BC6D /* version.h */ = {isa = PBXFileReference; fileEncoding = 4; lastKnownFileType = sourcecode.c.h; path = version.h; sourceTree = "<group>"; };
		F9BB01B9187ABF940076BC6D /* xvmc.h */ = {isa = PBXFileReference; fileEncoding = 4; lastKnownFileType = sourcecode.c.h; path = xvmc.h; sourceTree = "<group>"; };
		F9BB01BB187ABF940076BC6D /* avdevice.h */ = {isa = PBXFileReference; fileEncoding = 4; lastKnownFileType = sourcecode.c.h; path = avdevice.h; sourceTree = "<group>"; };
		F9BB01BC187ABF940076BC6D /* version.h */ = {isa = PBXFileReference; fileEncoding = 4; lastKnownFileType = sourcecode.c.h; path = version.h; sourceTree = "<group>"; };
		F9BB01BE187ABF940076BC6D /* avfilter.h */ = {isa = PBXFileReference; fileEncoding = 4; lastKnownFileType = sourcecode.c.h; path = avfilter.h; sourceTree = "<group>"; };
		F9BB01BF187ABF940076BC6D /* avfiltergraph.h */ = {isa = PBXFileReference; fileEncoding = 4; lastKnownFileType = sourcecode.c.h; path = avfiltergraph.h; sourceTree = "<group>"; };
		F9BB01C0187ABF940076BC6D /* buffersink.h */ = {isa = PBXFileReference; fileEncoding = 4; lastKnownFileType = sourcecode.c.h; path = buffersink.h; sourceTree = "<group>"; };
		F9BB01C1187ABF940076BC6D /* buffersrc.h */ = {isa = PBXFileReference; fileEncoding = 4; lastKnownFileType = sourcecode.c.h; path = buffersrc.h; sourceTree = "<group>"; };
		F9BB01C2187ABF940076BC6D /* version.h */ = {isa = PBXFileReference; fileEncoding = 4; lastKnownFileType = sourcecode.c.h; path = version.h; sourceTree = "<group>"; };
		F9BB01C4187ABF940076BC6D /* avformat.h */ = {isa = PBXFileReference; fileEncoding = 4; lastKnownFileType = sourcecode.c.h; path = avformat.h; sourceTree = "<group>"; };
		F9BB01C5187ABF940076BC6D /* avio.h */ = {isa = PBXFileReference; fileEncoding = 4; lastKnownFileType = sourcecode.c.h; path = avio.h; sourceTree = "<group>"; };
		F9BB01C6187ABF940076BC6D /* internal.h */ = {isa = PBXFileReference; fileEncoding = 4; lastKnownFileType = sourcecode.c.h; path = internal.h; sourceTree = "<group>"; };
		F9BB01C7187ABF940076BC6D /* version.h */ = {isa = PBXFileReference; fileEncoding = 4; lastKnownFileType = sourcecode.c.h; path = version.h; sourceTree = "<group>"; };
		F9BB01C9187ABF940076BC6D /* avresample.h */ = {isa = PBXFileReference; fileEncoding = 4; lastKnownFileType = sourcecode.c.h; path = avresample.h; sourceTree = "<group>"; };
		F9BB01CA187ABF940076BC6D /* version.h */ = {isa = PBXFileReference; fileEncoding = 4; lastKnownFileType = sourcecode.c.h; path = version.h; sourceTree = "<group>"; };
		F9BB01CC187ABF940076BC6D /* adler32.h */ = {isa = PBXFileReference; fileEncoding = 4; lastKnownFileType = sourcecode.c.h; path = adler32.h; sourceTree = "<group>"; };
		F9BB01CD187ABF940076BC6D /* aes.h */ = {isa = PBXFileReference; fileEncoding = 4; lastKnownFileType = sourcecode.c.h; path = aes.h; sourceTree = "<group>"; };
		F9BB01CE187ABF940076BC6D /* attributes.h */ = {isa = PBXFileReference; fileEncoding = 4; lastKnownFileType = sourcecode.c.h; path = attributes.h; sourceTree = "<group>"; };
		F9BB01CF187ABF940076BC6D /* audio_fifo.h */ = {isa = PBXFileReference; fileEncoding = 4; lastKnownFileType = sourcecode.c.h; path = audio_fifo.h; sourceTree = "<group>"; };
		F9BB01D0187ABF940076BC6D /* audioconvert.h */ = {isa = PBXFileReference; fileEncoding = 4; lastKnownFileType = sourcecode.c.h; path = audioconvert.h; sourceTree = "<group>"; };
		F9BB01D1187ABF940076BC6D /* avassert.h */ = {isa = PBXFileReference; fileEncoding = 4; lastKnownFileType = sourcecode.c.h; path = avassert.h; sourceTree = "<group>"; };
		F9BB01D2187ABF940076BC6D /* avconfig.h */ = {isa = PBXFileReference; fileEncoding = 4; lastKnownFileType = sourcecode.c.h; path = avconfig.h; sourceTree = "<group>"; };
		F9BB01D3187ABF940076BC6D /* avstring.h */ = {isa = PBXFileReference; fileEncoding = 4; lastKnownFileType = sourcecode.c.h; path = avstring.h; sourceTree = "<group>"; };
		F9BB01D4187ABF940076BC6D /* avutil.h */ = {isa = PBXFileReference; fileEncoding = 4; lastKnownFileType = sourcecode.c.h; path = avutil.h; sourceTree = "<group>"; };
		F9BB01D5187ABF940076BC6D /* base64.h */ = {isa = PBXFileReference; fileEncoding = 4; lastKnownFileType = sourcecode.c.h; path = base64.h; sourceTree = "<group>"; };
		F9BB01D6187ABF940076BC6D /* blowfish.h */ = {isa = PBXFileReference; fileEncoding = 4; lastKnownFileType = sourcecode.c.h; path = blowfish.h; sourceTree = "<group>"; };
		F9BB01D7187ABF940076BC6D /* bswap.h */ = {isa = PBXFileReference; fileEncoding = 4; lastKnownFileType = sourcecode.c.h; path = bswap.h; sourceTree = "<group>"; };
		F9BB01D8187ABF940076BC6D /* buffer.h */ = {isa = PBXFileReference; fileEncoding = 4; lastKnownFileType = sourcecode.c.h; path = buffer.h; sourceTree = "<group>"; };
		F9BB01D9187ABF940076BC6D /* channel_layout.h */ = {isa = PBXFileReference; fileEncoding = 4; lastKnownFileType = sourcecode.c.h; path = channel_layout.h; sourceTree = "<group>"; };
		F9BB01DA187ABF940076BC6D /* common.h */ = {isa = PBXFileReference; fileEncoding = 4; lastKnownFileType = sourcecode.c.h; path = common.h; sourceTree = "<group>"; };
		F9BB01DB187ABF940076BC6D /* cpu.h */ = {isa = PBXFileReference; fileEncoding = 4; lastKnownFileType = sourcecode.c.h; path = cpu.h; sourceTree = "<group>"; };
		F9BB01DC187ABF940076BC6D /* crc.h */ = {isa = PBXFileReference; fileEncoding = 4; lastKnownFileType = sourcecode.c.h; path = crc.h; sourceTree = "<group>"; };
		F9BB01DD187ABF940076BC6D /* dict.h */ = {isa = PBXFileReference; fileEncoding = 4; lastKnownFileType = sourcecode.c.h; path = dict.h; sourceTree = "<group>"; };
		F9BB01DE187ABF940076BC6D /* error.h */ = {isa = PBXFileReference; fileEncoding = 4; lastKnownFileType = sourcecode.c.h; path = error.h; sourceTree = "<group>"; };
		F9BB01DF187ABF940076BC6D /* eval.h */ = {isa = PBXFileReference; fileEncoding = 4; lastKnownFileType = sourcecode.c.h; path = eval.h; sourceTree = "<group>"; };
		F9BB01E0187ABF940076BC6D /* fifo.h */ = {isa = PBXFileReference; fileEncoding = 4; lastKnownFileType = sourcecode.c.h; path = fifo.h; sourceTree = "<group>"; };
		F9BB01E1187ABF940076BC6D /* file.h */ = {isa = PBXFileReference; fileEncoding = 4; lastKnownFileType = sourcecode.c.h; path = file.h; sourceTree = "<group>"; };
		F9BB01E2187ABF940076BC6D /* frame.h */ = {isa = PBXFileReference; fileEncoding = 4; lastKnownFileType = sourcecode.c.h; path = frame.h; sourceTree = "<group>"; };
		F9BB01E3187ABF940076BC6D /* hmac.h */ = {isa = PBXFileReference; fileEncoding = 4; lastKnownFileType = sourcecode.c.h; path = hmac.h; sourceTree = "<group>"; };
		F9BB01E4187ABF940076BC6D /* imgutils.h */ = {isa = PBXFileReference; fileEncoding = 4; lastKnownFileType = sourcecode.c.h; path = imgutils.h; sourceTree = "<group>"; };
		F9BB01E5187ABF940076BC6D /* intfloat.h */ = {isa = PBXFileReference; fileEncoding = 4; lastKnownFileType = sourcecode.c.h; path = intfloat.h; sourceTree = "<group>"; };
		F9BB01E6187ABF940076BC6D /* intfloat_readwrite.h */ = {isa = PBXFileReference; fileEncoding = 4; lastKnownFileType = sourcecode.c.h; path = intfloat_readwrite.h; sourceTree = "<group>"; };
		F9BB01E7187ABF940076BC6D /* intreadwrite.h */ = {isa = PBXFileReference; fileEncoding = 4; lastKnownFileType = sourcecode.c.h; path = intreadwrite.h; sourceTree = "<group>"; };
		F9BB01E8187ABF940076BC6D /* lfg.h */ = {isa = PBXFileReference; fileEncoding = 4; lastKnownFileType = sourcecode.c.h; path = lfg.h; sourceTree = "<group>"; };
		F9BB01E9187ABF940076BC6D /* log.h */ = {isa = PBXFileReference; fileEncoding = 4; lastKnownFileType = sourcecode.c.h; path = log.h; sourceTree = "<group>"; };
		F9BB01EA187ABF940076BC6D /* lzo.h */ = {isa = PBXFileReference; fileEncoding = 4; lastKnownFileType = sourcecode.c.h; path = lzo.h; sourceTree = "<group>"; };
		F9BB01EB187ABF940076BC6D /* mathematics.h */ = {isa = PBXFileReference; fileEncoding = 4; lastKnownFileType = sourcecode.c.h; path = mathematics.h; sourceTree = "<group>"; };
		F9BB01EC187ABF940076BC6D /* md5.h */ = {isa = PBXFileReference; fileEncoding = 4; lastKnownFileType = sourcecode.c.h; path = md5.h; sourceTree = "<group>"; };
		F9BB01ED187ABF940076BC6D /* mem.h */ = {isa = PBXFileReference; fileEncoding = 4; lastKnownFileType = sourcecode.c.h; path = mem.h; sourceTree = "<group>"; };
		F9BB01EE187ABF940076BC6D /* old_pix_fmts.h */ = {isa = PBXFileReference; fileEncoding = 4; lastKnownFileType = sourcecode.c.h; path = old_pix_fmts.h; sourceTree = "<group>"; };
		F9BB01EF187ABF940076BC6D /* opt.h */ = {isa = PBXFileReference; fileEncoding = 4; lastKnownFileType = sourcecode.c.h; path = opt.h; sourceTree = "<group>"; };
		F9BB01F0187ABF940076BC6D /* parseutils.h */ = {isa = PBXFileReference; fileEncoding = 4; lastKnownFileType = sourcecode.c.h; path = parseutils.h; sourceTree = "<group>"; };
		F9BB01F1187ABF940076BC6D /* pixdesc.h */ = {isa = PBXFileReference; fileEncoding = 4; lastKnownFileType = sourcecode.c.h; path = pixdesc.h; sourceTree = "<group>"; };
		F9BB01F2187ABF940076BC6D /* pixfmt.h */ = {isa = PBXFileReference; fileEncoding = 4; lastKnownFileType = sourcecode.c.h; path = pixfmt.h; sourceTree = "<group>"; };
		F9BB01F3187ABF940076BC6D /* random_seed.h */ = {isa = PBXFileReference; fileEncoding = 4; lastKnownFileType = sourcecode.c.h; path = random_seed.h; sourceTree = "<group>"; };
		F9BB01F4187ABF940076BC6D /* rational.h */ = {isa = PBXFileReference; fileEncoding = 4; lastKnownFileType = sourcecode.c.h; path = rational.h; sourceTree = "<group>"; };
		F9BB01F5187ABF940076BC6D /* samplefmt.h */ = {isa = PBXFileReference; fileEncoding = 4; lastKnownFileType = sourcecode.c.h; path = samplefmt.h; sourceTree = "<group>"; };
		F9BB01F6187ABF940076BC6D /* sha.h */ = {isa = PBXFileReference; fileEncoding = 4; lastKnownFileType = sourcecode.c.h; path = sha.h; sourceTree = "<group>"; };
		F9BB01F7187ABF940076BC6D /* time.h */ = {isa = PBXFileReference; fileEncoding = 4; lastKnownFileType = sourcecode.c.h; path = time.h; sourceTree = "<group>"; };
		F9BB01F8187ABF940076BC6D /* version.h */ = {isa = PBXFileReference; fileEncoding = 4; lastKnownFileType = sourcecode.c.h; path = version.h; sourceTree = "<group>"; };
		F9BB01F9187ABF940076BC6D /* xtea.h */ = {isa = PBXFileReference; fileEncoding = 4; lastKnownFileType = sourcecode.c.h; path = xtea.h; sourceTree = "<group>"; };
		F9BB01FB187ABF940076BC6D /* swscale.h */ = {isa = PBXFileReference; fileEncoding = 4; lastKnownFileType = sourcecode.c.h; path = swscale.h; sourceTree = "<group>"; };
		F9BB01FC187ABF940076BC6D /* version.h */ = {isa = PBXFileReference; fileEncoding = 4; lastKnownFileType = sourcecode.c.h; path = version.h; sourceTree = "<group>"; };
		F9BB01FE187ABF940076BC6D /* libavcodec.a */ = {isa = PBXFileReference; lastKnownFileType = archive.ar; path = libavcodec.a; sourceTree = "<group>"; };
		F9BB01FF187ABF940076BC6D /* libavdevice.a */ = {isa = PBXFileReference; lastKnownFileType = archive.ar; path = libavdevice.a; sourceTree = "<group>"; };
		F9BB0200187ABF940076BC6D /* libavfilter.a */ = {isa = PBXFileReference; lastKnownFileType = archive.ar; path = libavfilter.a; sourceTree = "<group>"; };
		F9BB0201187ABF940076BC6D /* libavformat.a */ = {isa = PBXFileReference; lastKnownFileType = archive.ar; path = libavformat.a; sourceTree = "<group>"; };
		F9BB0202187ABF940076BC6D /* libavresample.a */ = {isa = PBXFileReference; lastKnownFileType = archive.ar; path = libavresample.a; sourceTree = "<group>"; };
		F9BB0203187ABF940076BC6D /* libavutil.a */ = {isa = PBXFileReference; lastKnownFileType = archive.ar; path = libavutil.a; sourceTree = "<group>"; };
		F9BB0204187ABF940076BC6D /* libswscale.a */ = {isa = PBXFileReference; lastKnownFileType = archive.ar; path = libswscale.a; sourceTree = "<group>"; };
		F9BB0206187ABF940076BC6D /* make-libav-lgpl-ios61.sh */ = {isa = PBXFileReference; fileEncoding = 4; lastKnownFileType = text.script.sh; path = "make-libav-lgpl-ios61.sh"; sourceTree = "<group>"; };
		F9BB0209187ABF940076BC6D /* Building Media Stream Apps.docx */ = {isa = PBXFileReference; lastKnownFileType = file; path = "Building Media Stream Apps.docx"; sourceTree = "<group>"; };
		F9BB020A187ABF940076BC6D /* Media Library for iOS User Guide.docx */ = {isa = PBXFileReference; lastKnownFileType = file; path = "Media Library for iOS User Guide.docx"; sourceTree = "<group>"; };
		F9BB020C187ABF940076BC6D /* BroadcastStreamClient.h */ = {isa = PBXFileReference; fileEncoding = 4; lastKnownFileType = sourcecode.c.h; path = BroadcastStreamClient.h; sourceTree = "<group>"; };
		F9BB020D187ABF940076BC6D /* MediaStreamPlayer.h */ = {isa = PBXFileReference; fileEncoding = 4; lastKnownFileType = sourcecode.c.h; path = MediaStreamPlayer.h; sourceTree = "<group>"; };
		F9BB020E187ABF940076BC6D /* MPMediaData.h */ = {isa = PBXFileReference; fileEncoding = 4; lastKnownFileType = sourcecode.c.h; path = MPMediaData.h; sourceTree = "<group>"; };
		F9BB020F187ABF940076BC6D /* VideoPlayer.h */ = {isa = PBXFileReference; fileEncoding = 4; lastKnownFileType = sourcecode.c.h; path = VideoPlayer.h; sourceTree = "<group>"; };
		F9BB0210187ABF940076BC6D /* MediaLibiOS.a */ = {isa = PBXFileReference; lastKnownFileType = archive.ar; path = MediaLibiOS.a; sourceTree = "<group>"; };
/* End PBXFileReference section */

/* Begin PBXFrameworksBuildPhase section */
		1CCF96A4174E1FEA00592A34 /* Frameworks */ = {
			isa = PBXFrameworksBuildPhase;
			buildActionMask = 2147483647;
			files = (
				F9BB0219187ABF950076BC6D /* libavfilter.a in Frameworks */,
				1CCF97EB174FC5C300592A34 /* libz.dylib in Frameworks */,
				F9BB021D187ABF950076BC6D /* libswscale.a in Frameworks */,
				1CCF97E9174FC58200592A34 /* CoreData.framework in Frameworks */,
				F9BB021A187ABF950076BC6D /* libavformat.a in Frameworks */,
				F9BB0221187ABF950076BC6D /* MediaLibiOS.a in Frameworks */,
				1CCF9732174FBCB600592A34 /* Security.framework in Frameworks */,
				1CCF9730174FBC8B00592A34 /* CoreVideo.framework in Frameworks */,
				1CCF972E174FBC6A00592A34 /* CoreMedia.framework in Frameworks */,
				1CCF972C174FBC4000592A34 /* CFNetwork.framework in Frameworks */,
				F9BB021B187ABF950076BC6D /* libavresample.a in Frameworks */,
				F9BB0217187ABF950076BC6D /* libavcodec.a in Frameworks */,
				1CCF96AF174E1FEA00592A34 /* CoreGraphics.framework in Frameworks */,
				F9BB0211187ABF940076BC6D /* backendless.a in Frameworks */,
				1CCF972A174FBA8900592A34 /* AVFoundation.framework in Frameworks */,
				1CCF9728174FBA7100592A34 /* AudioToolbox.framework in Frameworks */,
				1CCF96AB174E1FEA00592A34 /* UIKit.framework in Frameworks */,
				1CCF96AD174E1FEA00592A34 /* Foundation.framework in Frameworks */,
				F9BB021C187ABF950076BC6D /* libavutil.a in Frameworks */,
				F9BB0213187ABF940076BC6D /* CommLibiOS.a in Frameworks */,
				F9BB0218187ABF950076BC6D /* libavdevice.a in Frameworks */,
			);
			runOnlyForDeploymentPostprocessing = 0;
		};
/* End PBXFrameworksBuildPhase section */

/* Begin PBXGroup section */
		1CCF969E174E1FEA00592A34 = {
			isa = PBXGroup;
			children = (
				F9BB0167187ABF930076BC6D /* lib */,
				1CCF96B0174E1FEA00592A34 /* SimpleVideoService */,
				1CCF96A9174E1FEA00592A34 /* Frameworks */,
				1CCF96A8174E1FEA00592A34 /* Products */,
			);
			sourceTree = "<group>";
		};
		1CCF96A8174E1FEA00592A34 /* Products */ = {
			isa = PBXGroup;
			children = (
				1CCF96A7174E1FEA00592A34 /* SimpleVideoService.app */,
			);
			name = Products;
			sourceTree = "<group>";
		};
		1CCF96A9174E1FEA00592A34 /* Frameworks */ = {
			isa = PBXGroup;
			children = (
				1CCF97EA174FC5C300592A34 /* libz.dylib */,
				1CCF9733174FC07E00592A34 /* CoreData.framework */,
				1CCF9731174FBCB600592A34 /* Security.framework */,
				1CCF972F174FBC8B00592A34 /* CoreVideo.framework */,
				1CCF972D174FBC6A00592A34 /* CoreMedia.framework */,
				1CCF972B174FBC4000592A34 /* CFNetwork.framework */,
				1CCF9729174FBA8900592A34 /* AVFoundation.framework */,
				1CCF9727174FBA7100592A34 /* AudioToolbox.framework */,
				1CCF96AA174E1FEA00592A34 /* UIKit.framework */,
				1CCF96AC174E1FEA00592A34 /* Foundation.framework */,
				1CCF96AE174E1FEA00592A34 /* CoreGraphics.framework */,
			);
			name = Frameworks;
			sourceTree = "<group>";
		};
		1CCF96B0174E1FEA00592A34 /* SimpleVideoService */ = {
			isa = PBXGroup;
			children = (
				1CCF96B9174E1FEA00592A34 /* AppDelegate.h */,
				1CCF96BA174E1FEA00592A34 /* AppDelegate.m */,
				1CCF96C2174E1FEA00592A34 /* MainStoryboard.storyboard */,
				1CCF96C5174E1FEA00592A34 /* ViewController.h */,
				1CCF96C6174E1FEA00592A34 /* ViewController.m */,
				1CCF96B1174E1FEA00592A34 /* Supporting Files */,
			);
			path = SimpleVideoService;
			sourceTree = "<group>";
		};
		1CCF96B1174E1FEA00592A34 /* Supporting Files */ = {
			isa = PBXGroup;
			children = (
				1CCF96B2174E1FEA00592A34 /* SimpleVideoService-Info.plist */,
				1CCF96B3174E1FEA00592A34 /* InfoPlist.strings */,
				1CCF96B6174E1FEA00592A34 /* main.m */,
				1CCF96B8174E1FEA00592A34 /* SimpleVideoService-Prefix.pch */,
				1CCF96BC174E1FEA00592A34 /* Default.png */,
				1CCF96BE174E1FEA00592A34 /* Default@2x.png */,
				1CCF96C0174E1FEA00592A34 /* Default-568h@2x.png */,
			);
			name = "Supporting Files";
			sourceTree = "<group>";
		};
		F9BB0167187ABF930076BC6D /* lib */ = {
			isa = PBXGroup;
			children = (
				F9BB0168187ABF930076BC6D /* backendless */,
				F9BB0195187ABF930076BC6D /* CommLibiOS */,
				F9BB01AF187ABF930076BC6D /* libav-v9.1965 */,
				F9BB0207187ABF940076BC6D /* MediaLibiOS */,
			);
			name = lib;
			path = ../lib;
			sourceTree = "<group>";
		};
		F9BB0168187ABF930076BC6D /* backendless */ = {
			isa = PBXGroup;
			children = (
				F9BB0169187ABF930076BC6D /* backendless.a */,
				F9BB016A187ABF930076BC6D /* include */,
				F9BB0194187ABF930076BC6D /* libbackendless-mac.a */,
			);
			path = backendless;
			sourceTree = "<group>";
		};
		F9BB016A187ABF930076BC6D /* include */ = {
			isa = PBXGroup;
			children = (
				F9BB016B187ABF930076BC6D /* AbstractProperty.h */,
				F9BB016C187ABF930076BC6D /* AbstractQuery.h */,
				F9BB016D187ABF930076BC6D /* Backendless.h */,
				F9BB016E187ABF930076BC6D /* BackendlessCachePolicy.h */,
				F9BB016F187ABF930076BC6D /* BackendlessCacheProtocol.h */,
				F9BB0170187ABF930076BC6D /* BackendlessCollection.h */,
				F9BB0171187ABF930076BC6D /* BackendlessDataQuery.h */,
				F9BB0172187ABF930076BC6D /* BackendlessEntity.h */,
				F9BB0173187ABF930076BC6D /* BackendlessFile.h */,
				F9BB0174187ABF930076BC6D /* BackendlessGeoQuery.h */,
				F9BB0175187ABF930076BC6D /* BackendlessUser.h */,
				F9BB0176187ABF930076BC6D /* BEAnnotation.h */,
				F9BB0177187ABF930076BC6D /* BECollectionView.h */,
				F9BB0178187ABF930076BC6D /* BEMapView.h */,
				F9BB0179187ABF930076BC6D /* BESubscription.h */,
				F9BB017A187ABF930076BC6D /* BETableView.h */,
				F9BB017B187ABF930076BC6D /* DataStoreFactory.h */,
				F9BB017C187ABF930076BC6D /* DeliveryOptions.h */,
				F9BB017D187ABF930076BC6D /* DeviceRegistration.h */,
				F9BB017E187ABF930076BC6D /* FileService.h */,
				F9BB017F187ABF930076BC6D /* GeoCategory.h */,
				F9BB0180187ABF930076BC6D /* GeoPoint.h */,
				F9BB0181187ABF930076BC6D /* GeoService.h */,
				F9BB0182187ABF930076BC6D /* HashMap.h */,
				F9BB0183187ABF930076BC6D /* IDataStore.h */,
				F9BB0184187ABF930076BC6D /* IMediaStreamer.h */,
				F9BB0185187ABF930076BC6D /* MediaPlaybackOptions.h */,
				F9BB0186187ABF930076BC6D /* MediaPlayer.h */,
				F9BB0187187ABF930076BC6D /* MediaPublisher.h */,
				F9BB0188187ABF930076BC6D /* MediaPublishOptions.h */,
				F9BB0189187ABF930076BC6D /* MediaService.h */,
				F9BB018A187ABF930076BC6D /* Message.h */,
				F9BB018B187ABF930076BC6D /* MessageStatus.h */,
				F9BB018C187ABF930076BC6D /* MessagingService.h */,
				F9BB018D187ABF930076BC6D /* ObjectProperty.h */,
				F9BB018E187ABF930076BC6D /* PersistenceService.h */,
				F9BB018F187ABF930076BC6D /* PublishOptions.h */,
				F9BB0190187ABF930076BC6D /* QueryOptions.h */,
				F9BB0191187ABF930076BC6D /* SubscriptionOptions.h */,
				F9BB0192187ABF930076BC6D /* UserProperty.h */,
				F9BB0193187ABF930076BC6D /* UserService.h */,
			);
			path = include;
			sourceTree = "<group>";
		};
		F9BB0195187ABF930076BC6D /* CommLibiOS */ = {
			isa = PBXGroup;
			children = (
				F9BB0196187ABF930076BC6D /* CommLibiOS.a */,
				F9BB0197187ABF930076BC6D /* doc */,
				F9BB019A187ABF930076BC6D /* include */,
				F9BB01AE187ABF930076BC6D /* libCommLibMac.a */,
			);
			path = CommLibiOS;
			sourceTree = "<group>";
		};
		F9BB0197187ABF930076BC6D /* doc */ = {
			isa = PBXGroup;
			children = (
				F9BB0198187ABF930076BC6D /* Communication Library for iOS User Guide.pdf */,
				F9BB0199187ABF930076BC6D /* WeborbClient Class Reference.odt */,
			);
			path = doc;
			sourceTree = "<group>";
		};
		F9BB019A187ABF930076BC6D /* include */ = {
			isa = PBXGroup;
			children = (
				F9BB019B187ABF930076BC6D /* AMFSerializer.h */,
				F9BB019C187ABF930076BC6D /* BinaryCodec.h */,
				F9BB019D187ABF930076BC6D /* BinaryStream.h */,
				F9BB019E187ABF930076BC6D /* DEBUG.h */,
				F9BB019F187ABF930076BC6D /* FlashorbBinaryReader.h */,
				F9BB01A0187ABF930076BC6D /* FlashorbBinaryWriter.h */,
				F9BB01A1187ABF930076BC6D /* IAttributeStore.h */,
				F9BB01A2187ABF930076BC6D /* IClientSharedObject.h */,
				F9BB01A3187ABF930076BC6D /* IClientSharedObjectDelegate.h */,
				F9BB01A4187ABF930076BC6D /* IPendingServiceCallback.h */,
				F9BB01A5187ABF930076BC6D /* IPersistable.h */,
				F9BB01A6187ABF930076BC6D /* IRTMProtocol.h */,
				F9BB01A7187ABF930076BC6D /* IServiceCall.h */,
				F9BB01A8187ABF930076BC6D /* ISharedObjectListener.h */,
				F9BB01A9187ABF930076BC6D /* MemoryTicker.h */,
				F9BB01AA187ABF930076BC6D /* Responder.h */,
				F9BB01AB187ABF930076BC6D /* RTMPClient.h */,
				F9BB01AC187ABF930076BC6D /* Types.h */,
				F9BB01AD187ABF930076BC6D /* WeborbClient.h */,
			);
			path = include;
			sourceTree = "<group>";
		};
		F9BB01AF187ABF930076BC6D /* libav-v9.1965 */ = {
			isa = PBXGroup;
			children = (
				F9BB01B0187ABF930076BC6D /* include */,
				F9BB01FD187ABF940076BC6D /* lib */,
				F9BB0205187ABF940076BC6D /* make */,
			);
			path = "libav-v9.1965";
			sourceTree = "<group>";
		};
		F9BB01B0187ABF930076BC6D /* include */ = {
			isa = PBXGroup;
			children = (
				F9BB01B1187ABF930076BC6D /* libavcodec */,
				F9BB01BA187ABF940076BC6D /* libavdevice */,
				F9BB01BD187ABF940076BC6D /* libavfilter */,
				F9BB01C3187ABF940076BC6D /* libavformat */,
				F9BB01C8187ABF940076BC6D /* libavresample */,
				F9BB01CB187ABF940076BC6D /* libavutil */,
				F9BB01FA187ABF940076BC6D /* libswscale */,
			);
			path = include;
			sourceTree = "<group>";
		};
		F9BB01B1187ABF930076BC6D /* libavcodec */ = {
			isa = PBXGroup;
			children = (
				F9BB01B2187ABF930076BC6D /* avcodec.h */,
				F9BB01B3187ABF930076BC6D /* avfft.h */,
				F9BB01B4187ABF930076BC6D /* dxva2.h */,
				F9BB01B5187ABF930076BC6D /* vaapi.h */,
				F9BB01B6187ABF930076BC6D /* vda.h */,
				F9BB01B7187ABF940076BC6D /* vdpau.h */,
				F9BB01B8187ABF940076BC6D /* version.h */,
				F9BB01B9187ABF940076BC6D /* xvmc.h */,
			);
			path = libavcodec;
			sourceTree = "<group>";
		};
		F9BB01BA187ABF940076BC6D /* libavdevice */ = {
			isa = PBXGroup;
			children = (
				F9BB01BB187ABF940076BC6D /* avdevice.h */,
				F9BB01BC187ABF940076BC6D /* version.h */,
			);
			path = libavdevice;
			sourceTree = "<group>";
		};
		F9BB01BD187ABF940076BC6D /* libavfilter */ = {
			isa = PBXGroup;
			children = (
				F9BB01BE187ABF940076BC6D /* avfilter.h */,
				F9BB01BF187ABF940076BC6D /* avfiltergraph.h */,
				F9BB01C0187ABF940076BC6D /* buffersink.h */,
				F9BB01C1187ABF940076BC6D /* buffersrc.h */,
				F9BB01C2187ABF940076BC6D /* version.h */,
			);
			path = libavfilter;
			sourceTree = "<group>";
		};
		F9BB01C3187ABF940076BC6D /* libavformat */ = {
			isa = PBXGroup;
			children = (
				F9BB01C4187ABF940076BC6D /* avformat.h */,
				F9BB01C5187ABF940076BC6D /* avio.h */,
				F9BB01C6187ABF940076BC6D /* internal.h */,
				F9BB01C7187ABF940076BC6D /* version.h */,
			);
			path = libavformat;
			sourceTree = "<group>";
		};
		F9BB01C8187ABF940076BC6D /* libavresample */ = {
			isa = PBXGroup;
			children = (
				F9BB01C9187ABF940076BC6D /* avresample.h */,
				F9BB01CA187ABF940076BC6D /* version.h */,
			);
			path = libavresample;
			sourceTree = "<group>";
		};
		F9BB01CB187ABF940076BC6D /* libavutil */ = {
			isa = PBXGroup;
			children = (
				F9BB01CC187ABF940076BC6D /* adler32.h */,
				F9BB01CD187ABF940076BC6D /* aes.h */,
				F9BB01CE187ABF940076BC6D /* attributes.h */,
				F9BB01CF187ABF940076BC6D /* audio_fifo.h */,
				F9BB01D0187ABF940076BC6D /* audioconvert.h */,
				F9BB01D1187ABF940076BC6D /* avassert.h */,
				F9BB01D2187ABF940076BC6D /* avconfig.h */,
				F9BB01D3187ABF940076BC6D /* avstring.h */,
				F9BB01D4187ABF940076BC6D /* avutil.h */,
				F9BB01D5187ABF940076BC6D /* base64.h */,
				F9BB01D6187ABF940076BC6D /* blowfish.h */,
				F9BB01D7187ABF940076BC6D /* bswap.h */,
				F9BB01D8187ABF940076BC6D /* buffer.h */,
				F9BB01D9187ABF940076BC6D /* channel_layout.h */,
				F9BB01DA187ABF940076BC6D /* common.h */,
				F9BB01DB187ABF940076BC6D /* cpu.h */,
				F9BB01DC187ABF940076BC6D /* crc.h */,
				F9BB01DD187ABF940076BC6D /* dict.h */,
				F9BB01DE187ABF940076BC6D /* error.h */,
				F9BB01DF187ABF940076BC6D /* eval.h */,
				F9BB01E0187ABF940076BC6D /* fifo.h */,
				F9BB01E1187ABF940076BC6D /* file.h */,
				F9BB01E2187ABF940076BC6D /* frame.h */,
				F9BB01E3187ABF940076BC6D /* hmac.h */,
				F9BB01E4187ABF940076BC6D /* imgutils.h */,
				F9BB01E5187ABF940076BC6D /* intfloat.h */,
				F9BB01E6187ABF940076BC6D /* intfloat_readwrite.h */,
				F9BB01E7187ABF940076BC6D /* intreadwrite.h */,
				F9BB01E8187ABF940076BC6D /* lfg.h */,
				F9BB01E9187ABF940076BC6D /* log.h */,
				F9BB01EA187ABF940076BC6D /* lzo.h */,
				F9BB01EB187ABF940076BC6D /* mathematics.h */,
				F9BB01EC187ABF940076BC6D /* md5.h */,
				F9BB01ED187ABF940076BC6D /* mem.h */,
				F9BB01EE187ABF940076BC6D /* old_pix_fmts.h */,
				F9BB01EF187ABF940076BC6D /* opt.h */,
				F9BB01F0187ABF940076BC6D /* parseutils.h */,
				F9BB01F1187ABF940076BC6D /* pixdesc.h */,
				F9BB01F2187ABF940076BC6D /* pixfmt.h */,
				F9BB01F3187ABF940076BC6D /* random_seed.h */,
				F9BB01F4187ABF940076BC6D /* rational.h */,
				F9BB01F5187ABF940076BC6D /* samplefmt.h */,
				F9BB01F6187ABF940076BC6D /* sha.h */,
				F9BB01F7187ABF940076BC6D /* time.h */,
				F9BB01F8187ABF940076BC6D /* version.h */,
				F9BB01F9187ABF940076BC6D /* xtea.h */,
			);
			path = libavutil;
			sourceTree = "<group>";
		};
		F9BB01FA187ABF940076BC6D /* libswscale */ = {
			isa = PBXGroup;
			children = (
				F9BB01FB187ABF940076BC6D /* swscale.h */,
				F9BB01FC187ABF940076BC6D /* version.h */,
			);
			path = libswscale;
			sourceTree = "<group>";
		};
		F9BB01FD187ABF940076BC6D /* lib */ = {
			isa = PBXGroup;
			children = (
				F9BB01FE187ABF940076BC6D /* libavcodec.a */,
				F9BB01FF187ABF940076BC6D /* libavdevice.a */,
				F9BB0200187ABF940076BC6D /* libavfilter.a */,
				F9BB0201187ABF940076BC6D /* libavformat.a */,
				F9BB0202187ABF940076BC6D /* libavresample.a */,
				F9BB0203187ABF940076BC6D /* libavutil.a */,
				F9BB0204187ABF940076BC6D /* libswscale.a */,
			);
			path = lib;
			sourceTree = "<group>";
		};
		F9BB0205187ABF940076BC6D /* make */ = {
			isa = PBXGroup;
			children = (
				F9BB0206187ABF940076BC6D /* make-libav-lgpl-ios61.sh */,
			);
			path = make;
			sourceTree = "<group>";
		};
		F9BB0207187ABF940076BC6D /* MediaLibiOS */ = {
			isa = PBXGroup;
			children = (
				F9BB0208187ABF940076BC6D /* doc */,
				F9BB020B187ABF940076BC6D /* include */,
				F9BB0210187ABF940076BC6D /* MediaLibiOS.a */,
			);
			path = MediaLibiOS;
			sourceTree = "<group>";
		};
		F9BB0208187ABF940076BC6D /* doc */ = {
			isa = PBXGroup;
			children = (
				F9BB0209187ABF940076BC6D /* Building Media Stream Apps.docx */,
				F9BB020A187ABF940076BC6D /* Media Library for iOS User Guide.docx */,
			);
			path = doc;
			sourceTree = "<group>";
		};
		F9BB020B187ABF940076BC6D /* include */ = {
			isa = PBXGroup;
			children = (
				F9BB020C187ABF940076BC6D /* BroadcastStreamClient.h */,
				F9BB020D187ABF940076BC6D /* MediaStreamPlayer.h */,
				F9BB020E187ABF940076BC6D /* MPMediaData.h */,
				F9BB020F187ABF940076BC6D /* VideoPlayer.h */,
			);
			path = include;
			sourceTree = "<group>";
		};
/* End PBXGroup section */

/* Begin PBXNativeTarget section */
		1CCF96A6174E1FEA00592A34 /* SimpleVideoService */ = {
			isa = PBXNativeTarget;
			buildConfigurationList = 1CCF96CA174E1FEA00592A34 /* Build configuration list for PBXNativeTarget "SimpleVideoService" */;
			buildPhases = (
				1CCF96A3174E1FEA00592A34 /* Sources */,
				1CCF96A4174E1FEA00592A34 /* Frameworks */,
				1CCF96A5174E1FEA00592A34 /* Resources */,
			);
			buildRules = (
			);
			dependencies = (
			);
			name = SimpleVideoService;
			productName = SimpleVideoService;
			productReference = 1CCF96A7174E1FEA00592A34 /* SimpleVideoService.app */;
			productType = "com.apple.product-type.application";
		};
/* End PBXNativeTarget section */

/* Begin PBXProject section */
		1CCF969F174E1FEA00592A34 /* Project object */ = {
			isa = PBXProject;
			attributes = {
				LastUpgradeCheck = 0460;
				ORGANIZATIONNAME = "Sergey Kukurudzyak";
			};
			buildConfigurationList = 1CCF96A2174E1FEA00592A34 /* Build configuration list for PBXProject "SimpleVideoService" */;
			compatibilityVersion = "Xcode 3.2";
			developmentRegion = English;
			hasScannedForEncodings = 0;
			knownRegions = (
				en,
			);
			mainGroup = 1CCF969E174E1FEA00592A34;
			productRefGroup = 1CCF96A8174E1FEA00592A34 /* Products */;
			projectDirPath = "";
			projectRoot = "";
			targets = (
				1CCF96A6174E1FEA00592A34 /* SimpleVideoService */,
			);
		};
/* End PBXProject section */

/* Begin PBXResourcesBuildPhase section */
		1CCF96A5174E1FEA00592A34 /* Resources */ = {
			isa = PBXResourcesBuildPhase;
			buildActionMask = 2147483647;
			files = (
				F9BB0214187ABF950076BC6D /* Communication Library for iOS User Guide.pdf in Resources */,
				1CCF96B5174E1FEA00592A34 /* InfoPlist.strings in Resources */,
				1CCF96BD174E1FEA00592A34 /* Default.png in Resources */,
				1CCF96BF174E1FEA00592A34 /* Default@2x.png in Resources */,
				F9BB021F187ABF950076BC6D /* Building Media Stream Apps.docx in Resources */,
				F9BB0215187ABF950076BC6D /* WeborbClient Class Reference.odt in Resources */,
				F9BB021E187ABF950076BC6D /* make-libav-lgpl-ios61.sh in Resources */,
				1CCF96C1174E1FEA00592A34 /* Default-568h@2x.png in Resources */,
				1CCF96C4174E1FEA00592A34 /* MainStoryboard.storyboard in Resources */,
				F9BB0220187ABF950076BC6D /* Media Library for iOS User Guide.docx in Resources */,
			);
			runOnlyForDeploymentPostprocessing = 0;
		};
/* End PBXResourcesBuildPhase section */

/* Begin PBXSourcesBuildPhase section */
		1CCF96A3174E1FEA00592A34 /* Sources */ = {
			isa = PBXSourcesBuildPhase;
			buildActionMask = 2147483647;
			files = (
				1CCF96B7174E1FEA00592A34 /* main.m in Sources */,
				1CCF96BB174E1FEA00592A34 /* AppDelegate.m in Sources */,
				1CCF96C7174E1FEA00592A34 /* ViewController.m in Sources */,
			);
			runOnlyForDeploymentPostprocessing = 0;
		};
/* End PBXSourcesBuildPhase section */

/* Begin PBXVariantGroup section */
		1CCF96B3174E1FEA00592A34 /* InfoPlist.strings */ = {
			isa = PBXVariantGroup;
			children = (
				1CCF96B4174E1FEA00592A34 /* en */,
			);
			name = InfoPlist.strings;
			sourceTree = "<group>";
		};
		1CCF96C2174E1FEA00592A34 /* MainStoryboard.storyboard */ = {
			isa = PBXVariantGroup;
			children = (
				1CCF96C3174E1FEA00592A34 /* en */,
			);
			name = MainStoryboard.storyboard;
			sourceTree = "<group>";
		};
/* End PBXVariantGroup section */

/* Begin XCBuildConfiguration section */
		1CCF96C8174E1FEA00592A34 /* Debug */ = {
			isa = XCBuildConfiguration;
			buildSettings = {
				ALWAYS_SEARCH_USER_PATHS = NO;
				CLANG_CXX_LANGUAGE_STANDARD = "gnu++0x";
				CLANG_CXX_LIBRARY = "libc++";
				CLANG_ENABLE_OBJC_ARC = YES;
				CLANG_WARN_CONSTANT_CONVERSION = YES;
				CLANG_WARN_EMPTY_BODY = YES;
				CLANG_WARN_ENUM_CONVERSION = YES;
				CLANG_WARN_INT_CONVERSION = YES;
				CLANG_WARN__DUPLICATE_METHOD_MATCH = YES;
				"CODE_SIGN_IDENTITY[sdk=iphoneos*]" = "iPhone Developer";
				COPY_PHASE_STRIP = NO;
				GCC_C_LANGUAGE_STANDARD = gnu99;
				GCC_DYNAMIC_NO_PIC = NO;
				GCC_OPTIMIZATION_LEVEL = 0;
				GCC_PREPROCESSOR_DEFINITIONS = (
					"DEBUG=1",
					"$(inherited)",
				);
				GCC_SYMBOLS_PRIVATE_EXTERN = NO;
				GCC_WARN_ABOUT_RETURN_TYPE = YES;
				GCC_WARN_UNINITIALIZED_AUTOS = YES;
				GCC_WARN_UNUSED_VARIABLE = YES;
				IPHONEOS_DEPLOYMENT_TARGET = 6.0;
				ONLY_ACTIVE_ARCH = YES;
				SDKROOT = iphoneos;
			};
			name = Debug;
		};
		1CCF96C9174E1FEA00592A34 /* Release */ = {
			isa = XCBuildConfiguration;
			buildSettings = {
				ALWAYS_SEARCH_USER_PATHS = NO;
				CLANG_CXX_LANGUAGE_STANDARD = "gnu++0x";
				CLANG_CXX_LIBRARY = "libc++";
				CLANG_ENABLE_OBJC_ARC = YES;
				CLANG_WARN_CONSTANT_CONVERSION = YES;
				CLANG_WARN_EMPTY_BODY = YES;
				CLANG_WARN_ENUM_CONVERSION = YES;
				CLANG_WARN_INT_CONVERSION = YES;
				CLANG_WARN__DUPLICATE_METHOD_MATCH = YES;
				"CODE_SIGN_IDENTITY[sdk=iphoneos*]" = "iPhone Developer";
				COPY_PHASE_STRIP = YES;
				GCC_C_LANGUAGE_STANDARD = gnu99;
				GCC_WARN_ABOUT_RETURN_TYPE = YES;
				GCC_WARN_UNINITIALIZED_AUTOS = YES;
				GCC_WARN_UNUSED_VARIABLE = YES;
				IPHONEOS_DEPLOYMENT_TARGET = 6.0;
				OTHER_CFLAGS = "-DNS_BLOCK_ASSERTIONS=1";
				SDKROOT = iphoneos;
				VALIDATE_PRODUCT = YES;
			};
			name = Release;
		};
		1CCF96CB174E1FEA00592A34 /* Debug */ = {
			isa = XCBuildConfiguration;
			buildSettings = {
				GCC_PRECOMPILE_PREFIX_HEADER = YES;
				GCC_PREFIX_HEADER = "SimpleVideoService/SimpleVideoService-Prefix.pch";
				INFOPLIST_FILE = "SimpleVideoService/SimpleVideoService-Info.plist";
				LIBRARY_SEARCH_PATHS = (
					"$(inherited)",
					"$(SRCROOT)/../lib/backendless",
					"$(SRCROOT)/../lib/CommLibiOS",
					"$(SRCROOT)/../lib/MediaLibiOS",
					"$(SRCROOT)/../lib/libav-v9.1965/lib",
				);
				ONLY_ACTIVE_ARCH = NO;
				PRODUCT_NAME = "$(TARGET_NAME)";
				WRAPPER_EXTENSION = app;
			};
			name = Debug;
		};
		1CCF96CC174E1FEA00592A34 /* Release */ = {
			isa = XCBuildConfiguration;
			buildSettings = {
				GCC_PRECOMPILE_PREFIX_HEADER = YES;
				GCC_PREFIX_HEADER = "SimpleVideoService/SimpleVideoService-Prefix.pch";
				INFOPLIST_FILE = "SimpleVideoService/SimpleVideoService-Info.plist";
				LIBRARY_SEARCH_PATHS = (
					"$(inherited)",
					"$(SRCROOT)/../lib/backendless",
					"$(SRCROOT)/../lib/CommLibiOS",
					"$(SRCROOT)/../lib/MediaLibiOS",
					"$(SRCROOT)/../lib/libav-v9.1965/lib",
				);
				ONLY_ACTIVE_ARCH = NO;
				PRODUCT_NAME = "$(TARGET_NAME)";
				WRAPPER_EXTENSION = app;
			};
			name = Release;
		};
/* End XCBuildConfiguration section */

/* Begin XCConfigurationList section */
		1CCF96A2174E1FEA00592A34 /* Build configuration list for PBXProject "SimpleVideoService" */ = {
			isa = XCConfigurationList;
			buildConfigurations = (
				1CCF96C8174E1FEA00592A34 /* Debug */,
				1CCF96C9174E1FEA00592A34 /* Release */,
			);
			defaultConfigurationIsVisible = 0;
			defaultConfigurationName = Release;
		};
		1CCF96CA174E1FEA00592A34 /* Build configuration list for PBXNativeTarget "SimpleVideoService" */ = {
			isa = XCConfigurationList;
			buildConfigurations = (
				1CCF96CB174E1FEA00592A34 /* Debug */,
				1CCF96CC174E1FEA00592A34 /* Release */,
			);
			defaultConfigurationIsVisible = 0;
			defaultConfigurationName = Release;
		};
/* End XCConfigurationList section */
	};
	rootObject = 1CCF969F174E1FEA00592A34 /* Project object */;
}
