// !$*UTF8*$!
{
	archiveVersion = 1;
	classes = {
	};
	objectVersion = 46;
	objects = {

/* Begin PBXBuildFile section */
		D30948241AB9FD8D00A75DDC /* backendless.a in Frameworks */ = {isa = PBXBuildFile; fileRef = D309474B1AB9FD8C00A75DDC /* backendless.a */; };
		D30948261AB9FD8D00A75DDC /* CommLibiOS.a in Frameworks */ = {isa = PBXBuildFile; fileRef = D30947851AB9FD8D00A75DDC /* CommLibiOS.a */; };
		D30948341AB9FD8D00A75DDC /* MediaLibiOS.a in Frameworks */ = {isa = PBXBuildFile; fileRef = D30948231AB9FD8D00A75DDC /* MediaLibiOS.a */; };
		D385760719FA5E2D00B68561 /* AppDelegate.swift in Sources */ = {isa = PBXBuildFile; fileRef = D385760619FA5E2D00B68561 /* AppDelegate.swift */; };
		D385760919FA5E2D00B68561 /* ViewController.swift in Sources */ = {isa = PBXBuildFile; fileRef = D385760819FA5E2D00B68561 /* ViewController.swift */; };
		D385760C19FA5E2E00B68561 /* Main.storyboard in Resources */ = {isa = PBXBuildFile; fileRef = D385760A19FA5E2E00B68561 /* Main.storyboard */; };
		D385760E19FA5E2E00B68561 /* Images.xcassets in Resources */ = {isa = PBXBuildFile; fileRef = D385760D19FA5E2E00B68561 /* Images.xcassets */; };
		D385761119FA5E2E00B68561 /* LaunchScreen.xib in Resources */ = {isa = PBXBuildFile; fileRef = D385760F19FA5E2E00B68561 /* LaunchScreen.xib */; };
		D385771119FA8D2500B68561 /* SystemConfiguration.framework in Frameworks */ = {isa = PBXBuildFile; fileRef = D385771019FA8D2500B68561 /* SystemConfiguration.framework */; };
		F9C3F2301BAC5E4D00421D56 /* libsqlite3.tbd in Frameworks */ = {isa = PBXBuildFile; fileRef = F9C3F22E1BAC5E4D00421D56 /* libsqlite3.tbd */; };
		F9C3F2311BAC5E4D00421D56 /* libz.tbd in Frameworks */ = {isa = PBXBuildFile; fileRef = F9C3F22F1BAC5E4D00421D56 /* libz.tbd */; };
		F9C3F29B1BAC5EAC00421D56 /* libavcodec.a in Frameworks */ = {isa = PBXBuildFile; fileRef = F9C3F2841BAC5EAC00421D56 /* libavcodec.a */; };
		F9C3F29C1BAC5EAC00421D56 /* libavdevice.a in Frameworks */ = {isa = PBXBuildFile; fileRef = F9C3F2851BAC5EAC00421D56 /* libavdevice.a */; };
		F9C3F29D1BAC5EAC00421D56 /* libavfilter.a in Frameworks */ = {isa = PBXBuildFile; fileRef = F9C3F2861BAC5EAC00421D56 /* libavfilter.a */; };
		F9C3F29E1BAC5EAC00421D56 /* libavformat.a in Frameworks */ = {isa = PBXBuildFile; fileRef = F9C3F2871BAC5EAC00421D56 /* libavformat.a */; };
		F9C3F29F1BAC5EAC00421D56 /* libavutil.a in Frameworks */ = {isa = PBXBuildFile; fileRef = F9C3F2881BAC5EAC00421D56 /* libavutil.a */; };
		F9C3F2A01BAC5EAC00421D56 /* libswscale.a in Frameworks */ = {isa = PBXBuildFile; fileRef = F9C3F2891BAC5EAC00421D56 /* libswscale.a */; };
		F9C3F2A11BAC5EAC00421D56 /* libspeex.a in Frameworks */ = {isa = PBXBuildFile; fileRef = F9C3F2941BAC5EAC00421D56 /* libspeex.a */; };
		F9C3F2A21BAC5EAC00421D56 /* libx264.a in Frameworks */ = {isa = PBXBuildFile; fileRef = F9C3F29A1BAC5EAC00421D56 /* libx264.a */; };
/* End PBXBuildFile section */

/* Begin PBXFileReference section */
		D309474B1AB9FD8C00A75DDC /* backendless.a */ = {isa = PBXFileReference; lastKnownFileType = archive.ar; path = backendless.a; sourceTree = "<group>"; };
		D309474D1AB9FD8C00A75DDC /* AbstractProperty.h */ = {isa = PBXFileReference; fileEncoding = 4; lastKnownFileType = sourcecode.c.h; path = AbstractProperty.h; sourceTree = "<group>"; };
		D309474E1AB9FD8C00A75DDC /* AbstractQuery.h */ = {isa = PBXFileReference; fileEncoding = 4; lastKnownFileType = sourcecode.c.h; path = AbstractQuery.h; sourceTree = "<group>"; };
		D309474F1AB9FD8C00A75DDC /* AtomicCounters.h */ = {isa = PBXFileReference; fileEncoding = 4; lastKnownFileType = sourcecode.c.h; path = AtomicCounters.h; sourceTree = "<group>"; };
		D30947501AB9FD8C00A75DDC /* AtomicCountersFactory.h */ = {isa = PBXFileReference; fileEncoding = 4; lastKnownFileType = sourcecode.c.h; path = AtomicCountersFactory.h; sourceTree = "<group>"; };
		D30947511AB9FD8C00A75DDC /* Backendless-Bridging-Header.h */ = {isa = PBXFileReference; fileEncoding = 4; lastKnownFileType = sourcecode.c.h; path = "Backendless-Bridging-Header.h"; sourceTree = "<group>"; };
		D30947521AB9FD8C00A75DDC /* Backendless.h */ = {isa = PBXFileReference; fileEncoding = 4; lastKnownFileType = sourcecode.c.h; path = Backendless.h; sourceTree = "<group>"; };
		D30947531AB9FD8C00A75DDC /* BackendlessCachePolicy.h */ = {isa = PBXFileReference; fileEncoding = 4; lastKnownFileType = sourcecode.c.h; path = BackendlessCachePolicy.h; sourceTree = "<group>"; };
		D30947541AB9FD8C00A75DDC /* BackendlessCacheProtocol.h */ = {isa = PBXFileReference; fileEncoding = 4; lastKnownFileType = sourcecode.c.h; path = BackendlessCacheProtocol.h; sourceTree = "<group>"; };
		D30947551AB9FD8C00A75DDC /* BackendlessCollection.h */ = {isa = PBXFileReference; fileEncoding = 4; lastKnownFileType = sourcecode.c.h; path = BackendlessCollection.h; sourceTree = "<group>"; };
		D30947561AB9FD8C00A75DDC /* BackendlessDataQuery.h */ = {isa = PBXFileReference; fileEncoding = 4; lastKnownFileType = sourcecode.c.h; path = BackendlessDataQuery.h; sourceTree = "<group>"; };
		D30947571AB9FD8C00A75DDC /* BackendlessEntity.h */ = {isa = PBXFileReference; fileEncoding = 4; lastKnownFileType = sourcecode.c.h; path = BackendlessEntity.h; sourceTree = "<group>"; };
		D30947581AB9FD8C00A75DDC /* BackendlessFile.h */ = {isa = PBXFileReference; fileEncoding = 4; lastKnownFileType = sourcecode.c.h; path = BackendlessFile.h; sourceTree = "<group>"; };
		D30947591AB9FD8C00A75DDC /* BackendlessGeoQuery.h */ = {isa = PBXFileReference; fileEncoding = 4; lastKnownFileType = sourcecode.c.h; path = BackendlessGeoQuery.h; sourceTree = "<group>"; };
		D309475A1AB9FD8C00A75DDC /* BackendlessUser.h */ = {isa = PBXFileReference; fileEncoding = 4; lastKnownFileType = sourcecode.c.h; path = BackendlessUser.h; sourceTree = "<group>"; };
		D309475B1AB9FD8C00A75DDC /* BEAnnotation.h */ = {isa = PBXFileReference; fileEncoding = 4; lastKnownFileType = sourcecode.c.h; path = BEAnnotation.h; sourceTree = "<group>"; };
		D309475C1AB9FD8C00A75DDC /* BECollectionView.h */ = {isa = PBXFileReference; fileEncoding = 4; lastKnownFileType = sourcecode.c.h; path = BECollectionView.h; sourceTree = "<group>"; };
		D309475D1AB9FD8C00A75DDC /* BEMapView.h */ = {isa = PBXFileReference; fileEncoding = 4; lastKnownFileType = sourcecode.c.h; path = BEMapView.h; sourceTree = "<group>"; };
		D309475E1AB9FD8C00A75DDC /* BESubscription.h */ = {isa = PBXFileReference; fileEncoding = 4; lastKnownFileType = sourcecode.c.h; path = BESubscription.h; sourceTree = "<group>"; };
		D309475F1AB9FD8C00A75DDC /* BETableView.h */ = {isa = PBXFileReference; fileEncoding = 4; lastKnownFileType = sourcecode.c.h; path = BETableView.h; sourceTree = "<group>"; };
		D30947601AB9FD8C00A75DDC /* CacheFactory.h */ = {isa = PBXFileReference; fileEncoding = 4; lastKnownFileType = sourcecode.c.h; path = CacheFactory.h; sourceTree = "<group>"; };
		D30947611AB9FD8C00A75DDC /* CacheService.h */ = {isa = PBXFileReference; fileEncoding = 4; lastKnownFileType = sourcecode.c.h; path = CacheService.h; sourceTree = "<group>"; };
		D30947621AB9FD8C00A75DDC /* CustomService.h */ = {isa = PBXFileReference; fileEncoding = 4; lastKnownFileType = sourcecode.c.h; path = CustomService.h; sourceTree = "<group>"; };
		D30947631AB9FD8C00A75DDC /* DataPermission.h */ = {isa = PBXFileReference; fileEncoding = 4; lastKnownFileType = sourcecode.c.h; path = DataPermission.h; sourceTree = "<group>"; };
		D30947641AB9FD8C00A75DDC /* DataStoreFactory.h */ = {isa = PBXFileReference; fileEncoding = 4; lastKnownFileType = sourcecode.c.h; path = DataStoreFactory.h; sourceTree = "<group>"; };
		D30947651AB9FD8C00A75DDC /* DeliveryOptions.h */ = {isa = PBXFileReference; fileEncoding = 4; lastKnownFileType = sourcecode.c.h; path = DeliveryOptions.h; sourceTree = "<group>"; };
		D30947661AB9FD8C00A75DDC /* DeviceRegistration.h */ = {isa = PBXFileReference; fileEncoding = 4; lastKnownFileType = sourcecode.c.h; path = DeviceRegistration.h; sourceTree = "<group>"; };
		D30947671AB9FD8D00A75DDC /* Events.h */ = {isa = PBXFileReference; fileEncoding = 4; lastKnownFileType = sourcecode.c.h; path = Events.h; sourceTree = "<group>"; };
		D30947681AB9FD8D00A75DDC /* FilePermission.h */ = {isa = PBXFileReference; fileEncoding = 4; lastKnownFileType = sourcecode.c.h; path = FilePermission.h; sourceTree = "<group>"; };
		D30947691AB9FD8D00A75DDC /* FileService.h */ = {isa = PBXFileReference; fileEncoding = 4; lastKnownFileType = sourcecode.c.h; path = FileService.h; sourceTree = "<group>"; };
		D309476A1AB9FD8D00A75DDC /* GeoCategory.h */ = {isa = PBXFileReference; fileEncoding = 4; lastKnownFileType = sourcecode.c.h; path = GeoCategory.h; sourceTree = "<group>"; };
		D309476B1AB9FD8D00A75DDC /* GeoCluster.h */ = {isa = PBXFileReference; fileEncoding = 4; lastKnownFileType = sourcecode.c.h; path = GeoCluster.h; sourceTree = "<group>"; };
		D309476C1AB9FD8D00A75DDC /* GeoPoint.h */ = {isa = PBXFileReference; fileEncoding = 4; lastKnownFileType = sourcecode.c.h; path = GeoPoint.h; sourceTree = "<group>"; };
		D309476D1AB9FD8D00A75DDC /* GeoService.h */ = {isa = PBXFileReference; fileEncoding = 4; lastKnownFileType = sourcecode.c.h; path = GeoService.h; sourceTree = "<group>"; };
		D309476E1AB9FD8D00A75DDC /* HashMap.h */ = {isa = PBXFileReference; fileEncoding = 4; lastKnownFileType = sourcecode.c.h; path = HashMap.h; sourceTree = "<group>"; };
		D309476F1AB9FD8D00A75DDC /* IAtomicCounters.h */ = {isa = PBXFileReference; fileEncoding = 4; lastKnownFileType = sourcecode.c.h; path = IAtomicCounters.h; sourceTree = "<group>"; };
		D30947701AB9FD8D00A75DDC /* ICacheService.h */ = {isa = PBXFileReference; fileEncoding = 4; lastKnownFileType = sourcecode.c.h; path = ICacheService.h; sourceTree = "<group>"; };
		D30947711AB9FD8D00A75DDC /* IDataStore.h */ = {isa = PBXFileReference; fileEncoding = 4; lastKnownFileType = sourcecode.c.h; path = IDataStore.h; sourceTree = "<group>"; };
		D30947721AB9FD8D00A75DDC /* IMediaStreamer.h */ = {isa = PBXFileReference; fileEncoding = 4; lastKnownFileType = sourcecode.c.h; path = IMediaStreamer.h; sourceTree = "<group>"; };
		D30947731AB9FD8D00A75DDC /* MediaPlaybackOptions.h */ = {isa = PBXFileReference; fileEncoding = 4; lastKnownFileType = sourcecode.c.h; path = MediaPlaybackOptions.h; sourceTree = "<group>"; };
		D30947741AB9FD8D00A75DDC /* MediaPlayer.h */ = {isa = PBXFileReference; fileEncoding = 4; lastKnownFileType = sourcecode.c.h; path = MediaPlayer.h; sourceTree = "<group>"; };
		D30947751AB9FD8D00A75DDC /* MediaPublisher.h */ = {isa = PBXFileReference; fileEncoding = 4; lastKnownFileType = sourcecode.c.h; path = MediaPublisher.h; sourceTree = "<group>"; };
		D30947761AB9FD8D00A75DDC /* MediaPublishOptions.h */ = {isa = PBXFileReference; fileEncoding = 4; lastKnownFileType = sourcecode.c.h; path = MediaPublishOptions.h; sourceTree = "<group>"; };
		D30947771AB9FD8D00A75DDC /* MediaService.h */ = {isa = PBXFileReference; fileEncoding = 4; lastKnownFileType = sourcecode.c.h; path = MediaService.h; sourceTree = "<group>"; };
		D30947781AB9FD8D00A75DDC /* Message.h */ = {isa = PBXFileReference; fileEncoding = 4; lastKnownFileType = sourcecode.c.h; path = Message.h; sourceTree = "<group>"; };
		D30947791AB9FD8D00A75DDC /* MessageStatus.h */ = {isa = PBXFileReference; fileEncoding = 4; lastKnownFileType = sourcecode.c.h; path = MessageStatus.h; sourceTree = "<group>"; };
		D309477A1AB9FD8D00A75DDC /* MessagingService.h */ = {isa = PBXFileReference; fileEncoding = 4; lastKnownFileType = sourcecode.c.h; path = MessagingService.h; sourceTree = "<group>"; };
		D309477B1AB9FD8D00A75DDC /* ObjectProperty.h */ = {isa = PBXFileReference; fileEncoding = 4; lastKnownFileType = sourcecode.c.h; path = ObjectProperty.h; sourceTree = "<group>"; };
		D309477C1AB9FD8D00A75DDC /* PersistenceService.h */ = {isa = PBXFileReference; fileEncoding = 4; lastKnownFileType = sourcecode.c.h; path = PersistenceService.h; sourceTree = "<group>"; };
		D309477D1AB9FD8D00A75DDC /* ProtectedBackendlessGeoQuery.h */ = {isa = PBXFileReference; fileEncoding = 4; lastKnownFileType = sourcecode.c.h; path = ProtectedBackendlessGeoQuery.h; sourceTree = "<group>"; };
		D309477E1AB9FD8D00A75DDC /* PublishOptions.h */ = {isa = PBXFileReference; fileEncoding = 4; lastKnownFileType = sourcecode.c.h; path = PublishOptions.h; sourceTree = "<group>"; };
		D309477F1AB9FD8D00A75DDC /* QueryOptions.h */ = {isa = PBXFileReference; fileEncoding = 4; lastKnownFileType = sourcecode.c.h; path = QueryOptions.h; sourceTree = "<group>"; };
		D30947801AB9FD8D00A75DDC /* SubscriptionOptions.h */ = {isa = PBXFileReference; fileEncoding = 4; lastKnownFileType = sourcecode.c.h; path = SubscriptionOptions.h; sourceTree = "<group>"; };
		D30947811AB9FD8D00A75DDC /* UserProperty.h */ = {isa = PBXFileReference; fileEncoding = 4; lastKnownFileType = sourcecode.c.h; path = UserProperty.h; sourceTree = "<group>"; };
		D30947821AB9FD8D00A75DDC /* UserService.h */ = {isa = PBXFileReference; fileEncoding = 4; lastKnownFileType = sourcecode.c.h; path = UserService.h; sourceTree = "<group>"; };
		D30947851AB9FD8D00A75DDC /* CommLibiOS.a */ = {isa = PBXFileReference; lastKnownFileType = archive.ar; path = CommLibiOS.a; sourceTree = "<group>"; };
		D309478A1AB9FD8D00A75DDC /* AMFSerializer.h */ = {isa = PBXFileReference; fileEncoding = 4; lastKnownFileType = sourcecode.c.h; path = AMFSerializer.h; sourceTree = "<group>"; };
		D309478B1AB9FD8D00A75DDC /* BinaryCodec.h */ = {isa = PBXFileReference; fileEncoding = 4; lastKnownFileType = sourcecode.c.h; path = BinaryCodec.h; sourceTree = "<group>"; };
		D309478C1AB9FD8D00A75DDC /* BinaryStream.h */ = {isa = PBXFileReference; fileEncoding = 4; lastKnownFileType = sourcecode.c.h; path = BinaryStream.h; sourceTree = "<group>"; };
		D309478D1AB9FD8D00A75DDC /* DEBUG.h */ = {isa = PBXFileReference; fileEncoding = 4; lastKnownFileType = sourcecode.c.h; path = DEBUG.h; sourceTree = "<group>"; };
		D309478E1AB9FD8D00A75DDC /* FlashorbBinaryReader.h */ = {isa = PBXFileReference; fileEncoding = 4; lastKnownFileType = sourcecode.c.h; path = FlashorbBinaryReader.h; sourceTree = "<group>"; };
		D309478F1AB9FD8D00A75DDC /* FlashorbBinaryWriter.h */ = {isa = PBXFileReference; fileEncoding = 4; lastKnownFileType = sourcecode.c.h; path = FlashorbBinaryWriter.h; sourceTree = "<group>"; };
		D30947901AB9FD8D00A75DDC /* IAttributeStore.h */ = {isa = PBXFileReference; fileEncoding = 4; lastKnownFileType = sourcecode.c.h; path = IAttributeStore.h; sourceTree = "<group>"; };
		D30947911AB9FD8D00A75DDC /* IClientSharedObject.h */ = {isa = PBXFileReference; fileEncoding = 4; lastKnownFileType = sourcecode.c.h; path = IClientSharedObject.h; sourceTree = "<group>"; };
		D30947921AB9FD8D00A75DDC /* IClientSharedObjectDelegate.h */ = {isa = PBXFileReference; fileEncoding = 4; lastKnownFileType = sourcecode.c.h; path = IClientSharedObjectDelegate.h; sourceTree = "<group>"; };
		D30947931AB9FD8D00A75DDC /* IPendingServiceCallback.h */ = {isa = PBXFileReference; fileEncoding = 4; lastKnownFileType = sourcecode.c.h; path = IPendingServiceCallback.h; sourceTree = "<group>"; };
		D30947941AB9FD8D00A75DDC /* IPersistable.h */ = {isa = PBXFileReference; fileEncoding = 4; lastKnownFileType = sourcecode.c.h; path = IPersistable.h; sourceTree = "<group>"; };
		D30947951AB9FD8D00A75DDC /* IRTMProtocol.h */ = {isa = PBXFileReference; fileEncoding = 4; lastKnownFileType = sourcecode.c.h; path = IRTMProtocol.h; sourceTree = "<group>"; };
		D30947961AB9FD8D00A75DDC /* IServiceCall.h */ = {isa = PBXFileReference; fileEncoding = 4; lastKnownFileType = sourcecode.c.h; path = IServiceCall.h; sourceTree = "<group>"; };
		D30947971AB9FD8D00A75DDC /* ISharedObjectListener.h */ = {isa = PBXFileReference; fileEncoding = 4; lastKnownFileType = sourcecode.c.h; path = ISharedObjectListener.h; sourceTree = "<group>"; };
		D30947981AB9FD8D00A75DDC /* MemoryTicker.h */ = {isa = PBXFileReference; fileEncoding = 4; lastKnownFileType = sourcecode.c.h; path = MemoryTicker.h; sourceTree = "<group>"; };
		D30947991AB9FD8D00A75DDC /* Responder.h */ = {isa = PBXFileReference; fileEncoding = 4; lastKnownFileType = sourcecode.c.h; path = Responder.h; sourceTree = "<group>"; };
		D309479A1AB9FD8D00A75DDC /* RTMPClient.h */ = {isa = PBXFileReference; fileEncoding = 4; lastKnownFileType = sourcecode.c.h; path = RTMPClient.h; sourceTree = "<group>"; };
		D309479B1AB9FD8D00A75DDC /* Types.h */ = {isa = PBXFileReference; fileEncoding = 4; lastKnownFileType = sourcecode.c.h; path = Types.h; sourceTree = "<group>"; };
		D309479C1AB9FD8D00A75DDC /* WeborbClient.h */ = {isa = PBXFileReference; fileEncoding = 4; lastKnownFileType = sourcecode.c.h; path = WeborbClient.h; sourceTree = "<group>"; };
		D309481D1AB9FD8D00A75DDC /* BroadcastStreamClient.h */ = {isa = PBXFileReference; fileEncoding = 4; lastKnownFileType = sourcecode.c.h; path = BroadcastStreamClient.h; sourceTree = "<group>"; };
		D309481E1AB9FD8D00A75DDC /* MediaStreamPlayer.h */ = {isa = PBXFileReference; fileEncoding = 4; lastKnownFileType = sourcecode.c.h; path = MediaStreamPlayer.h; sourceTree = "<group>"; };
		D309481F1AB9FD8D00A75DDC /* MPMediaData.h */ = {isa = PBXFileReference; fileEncoding = 4; lastKnownFileType = sourcecode.c.h; path = MPMediaData.h; sourceTree = "<group>"; };
		D30948201AB9FD8D00A75DDC /* MPMediaDecoder.h */ = {isa = PBXFileReference; fileEncoding = 4; lastKnownFileType = sourcecode.c.h; path = MPMediaDecoder.h; sourceTree = "<group>"; };
		D30948211AB9FD8D00A75DDC /* MPMediaEncoder.h */ = {isa = PBXFileReference; fileEncoding = 4; lastKnownFileType = sourcecode.c.h; path = MPMediaEncoder.h; sourceTree = "<group>"; };
		D30948221AB9FD8D00A75DDC /* VideoPlayer.h */ = {isa = PBXFileReference; fileEncoding = 4; lastKnownFileType = sourcecode.c.h; path = VideoPlayer.h; sourceTree = "<group>"; };
		D30948231AB9FD8D00A75DDC /* MediaLibiOS.a */ = {isa = PBXFileReference; lastKnownFileType = archive.ar; path = MediaLibiOS.a; sourceTree = "<group>"; };
		D323EA6819FFAF7F001F84BD /* Bridging-Header.h */ = {isa = PBXFileReference; fileEncoding = 4; lastKnownFileType = sourcecode.c.h; path = "Bridging-Header.h"; sourceTree = "<group>"; };
		D385760119FA5E2D00B68561 /* VideoService.app */ = {isa = PBXFileReference; explicitFileType = wrapper.application; includeInIndex = 0; path = VideoService.app; sourceTree = BUILT_PRODUCTS_DIR; };
		D385760519FA5E2D00B68561 /* Info.plist */ = {isa = PBXFileReference; lastKnownFileType = text.plist.xml; path = Info.plist; sourceTree = "<group>"; };
		D385760619FA5E2D00B68561 /* AppDelegate.swift */ = {isa = PBXFileReference; lastKnownFileType = sourcecode.swift; path = AppDelegate.swift; sourceTree = "<group>"; };
		D385760819FA5E2D00B68561 /* ViewController.swift */ = {isa = PBXFileReference; lastKnownFileType = sourcecode.swift; path = ViewController.swift; sourceTree = "<group>"; };
		D385760B19FA5E2E00B68561 /* Base */ = {isa = PBXFileReference; lastKnownFileType = file.storyboard; name = Base; path = Base.lproj/Main.storyboard; sourceTree = "<group>"; };
		D385760D19FA5E2E00B68561 /* Images.xcassets */ = {isa = PBXFileReference; lastKnownFileType = folder.assetcatalog; path = Images.xcassets; sourceTree = "<group>"; };
		D385761019FA5E2E00B68561 /* Base */ = {isa = PBXFileReference; lastKnownFileType = file.xib; name = Base; path = Base.lproj/LaunchScreen.xib; sourceTree = "<group>"; };
		D385761B19FA5E2E00B68561 /* Info.plist */ = {isa = PBXFileReference; lastKnownFileType = text.plist.xml; path = Info.plist; sourceTree = "<group>"; };
		D385761C19FA5E2E00B68561 /* VideoServiceTests.swift */ = {isa = PBXFileReference; lastKnownFileType = sourcecode.swift; path = VideoServiceTests.swift; sourceTree = "<group>"; };
		D385771019FA8D2500B68561 /* SystemConfiguration.framework */ = {isa = PBXFileReference; lastKnownFileType = wrapper.framework; name = SystemConfiguration.framework; path = System/Library/Frameworks/SystemConfiguration.framework; sourceTree = SDKROOT; };
		F9356C6A1B6F8EC8009A01D9 /* Backendless-With-Media-Bridging-Header.h */ = {isa = PBXFileReference; fileEncoding = 4; lastKnownFileType = sourcecode.c.h; path = "Backendless-With-Media-Bridging-Header.h"; sourceTree = "<group>"; };
		F9356C6B1B6F8EC8009A01D9 /* GeoFence.h */ = {isa = PBXFileReference; fileEncoding = 4; lastKnownFileType = sourcecode.c.h; path = GeoFence.h; sourceTree = "<group>"; };
		F9356C6C1B6F8EC8009A01D9 /* ICallback.h */ = {isa = PBXFileReference; fileEncoding = 4; lastKnownFileType = sourcecode.c.h; path = ICallback.h; sourceTree = "<group>"; };
		F9356C6D1B6F8EC8009A01D9 /* LocationTracker.h */ = {isa = PBXFileReference; fileEncoding = 4; lastKnownFileType = sourcecode.c.h; path = LocationTracker.h; sourceTree = "<group>"; };
		F9356C6E1B6F8EC8009A01D9 /* Logger.h */ = {isa = PBXFileReference; fileEncoding = 4; lastKnownFileType = sourcecode.c.h; path = Logger.h; sourceTree = "<group>"; };
		F9356C6F1B6F8EC8009A01D9 /* Logging.h */ = {isa = PBXFileReference; fileEncoding = 4; lastKnownFileType = sourcecode.c.h; path = Logging.h; sourceTree = "<group>"; };
		F9C3F22E1BAC5E4D00421D56 /* libsqlite3.tbd */ = {isa = PBXFileReference; lastKnownFileType = "sourcecode.text-based-dylib-definition"; name = libsqlite3.tbd; path = usr/lib/libsqlite3.tbd; sourceTree = SDKROOT; };
		F9C3F22F1BAC5E4D00421D56 /* libz.tbd */ = {isa = PBXFileReference; lastKnownFileType = "sourcecode.text-based-dylib-definition"; name = libz.tbd; path = usr/lib/libz.tbd; sourceTree = SDKROOT; };
		F9C3F2351BAC5EAC00421D56 /* avcodec.h */ = {isa = PBXFileReference; fileEncoding = 4; lastKnownFileType = sourcecode.c.h; path = avcodec.h; sourceTree = "<group>"; };
		F9C3F2361BAC5EAC00421D56 /* avfft.h */ = {isa = PBXFileReference; fileEncoding = 4; lastKnownFileType = sourcecode.c.h; path = avfft.h; sourceTree = "<group>"; };
		F9C3F2371BAC5EAC00421D56 /* dv_profile.h */ = {isa = PBXFileReference; fileEncoding = 4; lastKnownFileType = sourcecode.c.h; path = dv_profile.h; sourceTree = "<group>"; };
		F9C3F2381BAC5EAC00421D56 /* dxva2.h */ = {isa = PBXFileReference; fileEncoding = 4; lastKnownFileType = sourcecode.c.h; path = dxva2.h; sourceTree = "<group>"; };
		F9C3F2391BAC5EAC00421D56 /* vaapi.h */ = {isa = PBXFileReference; fileEncoding = 4; lastKnownFileType = sourcecode.c.h; path = vaapi.h; sourceTree = "<group>"; };
		F9C3F23A1BAC5EAC00421D56 /* vda.h */ = {isa = PBXFileReference; fileEncoding = 4; lastKnownFileType = sourcecode.c.h; path = vda.h; sourceTree = "<group>"; };
		F9C3F23B1BAC5EAC00421D56 /* vdpau.h */ = {isa = PBXFileReference; fileEncoding = 4; lastKnownFileType = sourcecode.c.h; path = vdpau.h; sourceTree = "<group>"; };
		F9C3F23C1BAC5EAC00421D56 /* version.h */ = {isa = PBXFileReference; fileEncoding = 4; lastKnownFileType = sourcecode.c.h; path = version.h; sourceTree = "<group>"; };
		F9C3F23D1BAC5EAC00421D56 /* xvmc.h */ = {isa = PBXFileReference; fileEncoding = 4; lastKnownFileType = sourcecode.c.h; path = xvmc.h; sourceTree = "<group>"; };
		F9C3F23F1BAC5EAC00421D56 /* avdevice.h */ = {isa = PBXFileReference; fileEncoding = 4; lastKnownFileType = sourcecode.c.h; path = avdevice.h; sourceTree = "<group>"; };
		F9C3F2401BAC5EAC00421D56 /* version.h */ = {isa = PBXFileReference; fileEncoding = 4; lastKnownFileType = sourcecode.c.h; path = version.h; sourceTree = "<group>"; };
		F9C3F2421BAC5EAC00421D56 /* avfilter.h */ = {isa = PBXFileReference; fileEncoding = 4; lastKnownFileType = sourcecode.c.h; path = avfilter.h; sourceTree = "<group>"; };
		F9C3F2431BAC5EAC00421D56 /* avfiltergraph.h */ = {isa = PBXFileReference; fileEncoding = 4; lastKnownFileType = sourcecode.c.h; path = avfiltergraph.h; sourceTree = "<group>"; };
		F9C3F2441BAC5EAC00421D56 /* buffersink.h */ = {isa = PBXFileReference; fileEncoding = 4; lastKnownFileType = sourcecode.c.h; path = buffersink.h; sourceTree = "<group>"; };
		F9C3F2451BAC5EAC00421D56 /* buffersrc.h */ = {isa = PBXFileReference; fileEncoding = 4; lastKnownFileType = sourcecode.c.h; path = buffersrc.h; sourceTree = "<group>"; };
		F9C3F2461BAC5EAC00421D56 /* version.h */ = {isa = PBXFileReference; fileEncoding = 4; lastKnownFileType = sourcecode.c.h; path = version.h; sourceTree = "<group>"; };
		F9C3F2481BAC5EAC00421D56 /* avformat.h */ = {isa = PBXFileReference; fileEncoding = 4; lastKnownFileType = sourcecode.c.h; path = avformat.h; sourceTree = "<group>"; };
		F9C3F2491BAC5EAC00421D56 /* avio.h */ = {isa = PBXFileReference; fileEncoding = 4; lastKnownFileType = sourcecode.c.h; path = avio.h; sourceTree = "<group>"; };
		F9C3F24A1BAC5EAC00421D56 /* version.h */ = {isa = PBXFileReference; fileEncoding = 4; lastKnownFileType = sourcecode.c.h; path = version.h; sourceTree = "<group>"; };
		F9C3F24C1BAC5EAC00421D56 /* avresample.h */ = {isa = PBXFileReference; fileEncoding = 4; lastKnownFileType = sourcecode.c.h; path = avresample.h; sourceTree = "<group>"; };
		F9C3F24D1BAC5EAC00421D56 /* version.h */ = {isa = PBXFileReference; fileEncoding = 4; lastKnownFileType = sourcecode.c.h; path = version.h; sourceTree = "<group>"; };
		F9C3F24F1BAC5EAC00421D56 /* adler32.h */ = {isa = PBXFileReference; fileEncoding = 4; lastKnownFileType = sourcecode.c.h; path = adler32.h; sourceTree = "<group>"; };
		F9C3F2501BAC5EAC00421D56 /* aes.h */ = {isa = PBXFileReference; fileEncoding = 4; lastKnownFileType = sourcecode.c.h; path = aes.h; sourceTree = "<group>"; };
		F9C3F2511BAC5EAC00421D56 /* attributes.h */ = {isa = PBXFileReference; fileEncoding = 4; lastKnownFileType = sourcecode.c.h; path = attributes.h; sourceTree = "<group>"; };
		F9C3F2521BAC5EAC00421D56 /* audio_fifo.h */ = {isa = PBXFileReference; fileEncoding = 4; lastKnownFileType = sourcecode.c.h; path = audio_fifo.h; sourceTree = "<group>"; };
		F9C3F2531BAC5EAC00421D56 /* audioconvert.h */ = {isa = PBXFileReference; fileEncoding = 4; lastKnownFileType = sourcecode.c.h; path = audioconvert.h; sourceTree = "<group>"; };
		F9C3F2541BAC5EAC00421D56 /* avassert.h */ = {isa = PBXFileReference; fileEncoding = 4; lastKnownFileType = sourcecode.c.h; path = avassert.h; sourceTree = "<group>"; };
		F9C3F2551BAC5EAC00421D56 /* avconfig.h */ = {isa = PBXFileReference; fileEncoding = 4; lastKnownFileType = sourcecode.c.h; path = avconfig.h; sourceTree = "<group>"; };
		F9C3F2561BAC5EAC00421D56 /* avstring.h */ = {isa = PBXFileReference; fileEncoding = 4; lastKnownFileType = sourcecode.c.h; path = avstring.h; sourceTree = "<group>"; };
		F9C3F2571BAC5EAC00421D56 /* avutil.h */ = {isa = PBXFileReference; fileEncoding = 4; lastKnownFileType = sourcecode.c.h; path = avutil.h; sourceTree = "<group>"; };
		F9C3F2581BAC5EAC00421D56 /* base64.h */ = {isa = PBXFileReference; fileEncoding = 4; lastKnownFileType = sourcecode.c.h; path = base64.h; sourceTree = "<group>"; };
		F9C3F2591BAC5EAC00421D56 /* blowfish.h */ = {isa = PBXFileReference; fileEncoding = 4; lastKnownFileType = sourcecode.c.h; path = blowfish.h; sourceTree = "<group>"; };
		F9C3F25A1BAC5EAC00421D56 /* bswap.h */ = {isa = PBXFileReference; fileEncoding = 4; lastKnownFileType = sourcecode.c.h; path = bswap.h; sourceTree = "<group>"; };
		F9C3F25B1BAC5EAC00421D56 /* buffer.h */ = {isa = PBXFileReference; fileEncoding = 4; lastKnownFileType = sourcecode.c.h; path = buffer.h; sourceTree = "<group>"; };
		F9C3F25C1BAC5EAC00421D56 /* channel_layout.h */ = {isa = PBXFileReference; fileEncoding = 4; lastKnownFileType = sourcecode.c.h; path = channel_layout.h; sourceTree = "<group>"; };
		F9C3F25D1BAC5EAC00421D56 /* common.h */ = {isa = PBXFileReference; fileEncoding = 4; lastKnownFileType = sourcecode.c.h; path = common.h; sourceTree = "<group>"; };
		F9C3F25E1BAC5EAC00421D56 /* cpu.h */ = {isa = PBXFileReference; fileEncoding = 4; lastKnownFileType = sourcecode.c.h; path = cpu.h; sourceTree = "<group>"; };
		F9C3F25F1BAC5EAC00421D56 /* crc.h */ = {isa = PBXFileReference; fileEncoding = 4; lastKnownFileType = sourcecode.c.h; path = crc.h; sourceTree = "<group>"; };
		F9C3F2601BAC5EAC00421D56 /* dict.h */ = {isa = PBXFileReference; fileEncoding = 4; lastKnownFileType = sourcecode.c.h; path = dict.h; sourceTree = "<group>"; };
		F9C3F2611BAC5EAC00421D56 /* display.h */ = {isa = PBXFileReference; fileEncoding = 4; lastKnownFileType = sourcecode.c.h; path = display.h; sourceTree = "<group>"; };
		F9C3F2621BAC5EAC00421D56 /* downmix_info.h */ = {isa = PBXFileReference; fileEncoding = 4; lastKnownFileType = sourcecode.c.h; path = downmix_info.h; sourceTree = "<group>"; };
		F9C3F2631BAC5EAC00421D56 /* error.h */ = {isa = PBXFileReference; fileEncoding = 4; lastKnownFileType = sourcecode.c.h; path = error.h; sourceTree = "<group>"; };
		F9C3F2641BAC5EAC00421D56 /* eval.h */ = {isa = PBXFileReference; fileEncoding = 4; lastKnownFileType = sourcecode.c.h; path = eval.h; sourceTree = "<group>"; };
		F9C3F2651BAC5EAC00421D56 /* fifo.h */ = {isa = PBXFileReference; fileEncoding = 4; lastKnownFileType = sourcecode.c.h; path = fifo.h; sourceTree = "<group>"; };
		F9C3F2661BAC5EAC00421D56 /* file.h */ = {isa = PBXFileReference; fileEncoding = 4; lastKnownFileType = sourcecode.c.h; path = file.h; sourceTree = "<group>"; };
		F9C3F2671BAC5EAC00421D56 /* frame.h */ = {isa = PBXFileReference; fileEncoding = 4; lastKnownFileType = sourcecode.c.h; path = frame.h; sourceTree = "<group>"; };
		F9C3F2681BAC5EAC00421D56 /* hmac.h */ = {isa = PBXFileReference; fileEncoding = 4; lastKnownFileType = sourcecode.c.h; path = hmac.h; sourceTree = "<group>"; };
		F9C3F2691BAC5EAC00421D56 /* imgutils.h */ = {isa = PBXFileReference; fileEncoding = 4; lastKnownFileType = sourcecode.c.h; path = imgutils.h; sourceTree = "<group>"; };
		F9C3F26A1BAC5EAC00421D56 /* intfloat.h */ = {isa = PBXFileReference; fileEncoding = 4; lastKnownFileType = sourcecode.c.h; path = intfloat.h; sourceTree = "<group>"; };
		F9C3F26B1BAC5EAC00421D56 /* intreadwrite.h */ = {isa = PBXFileReference; fileEncoding = 4; lastKnownFileType = sourcecode.c.h; path = intreadwrite.h; sourceTree = "<group>"; };
		F9C3F26C1BAC5EAC00421D56 /* lfg.h */ = {isa = PBXFileReference; fileEncoding = 4; lastKnownFileType = sourcecode.c.h; path = lfg.h; sourceTree = "<group>"; };
		F9C3F26D1BAC5EAC00421D56 /* log.h */ = {isa = PBXFileReference; fileEncoding = 4; lastKnownFileType = sourcecode.c.h; path = log.h; sourceTree = "<group>"; };
		F9C3F26E1BAC5EAC00421D56 /* macros.h */ = {isa = PBXFileReference; fileEncoding = 4; lastKnownFileType = sourcecode.c.h; path = macros.h; sourceTree = "<group>"; };
		F9C3F26F1BAC5EAC00421D56 /* mathematics.h */ = {isa = PBXFileReference; fileEncoding = 4; lastKnownFileType = sourcecode.c.h; path = mathematics.h; sourceTree = "<group>"; };
		F9C3F2701BAC5EAC00421D56 /* md5.h */ = {isa = PBXFileReference; fileEncoding = 4; lastKnownFileType = sourcecode.c.h; path = md5.h; sourceTree = "<group>"; };
		F9C3F2711BAC5EAC00421D56 /* mem.h */ = {isa = PBXFileReference; fileEncoding = 4; lastKnownFileType = sourcecode.c.h; path = mem.h; sourceTree = "<group>"; };
		F9C3F2721BAC5EAC00421D56 /* old_pix_fmts.h */ = {isa = PBXFileReference; fileEncoding = 4; lastKnownFileType = sourcecode.c.h; path = old_pix_fmts.h; sourceTree = "<group>"; };
		F9C3F2731BAC5EAC00421D56 /* opt.h */ = {isa = PBXFileReference; fileEncoding = 4; lastKnownFileType = sourcecode.c.h; path = opt.h; sourceTree = "<group>"; };
		F9C3F2741BAC5EAC00421D56 /* parseutils.h */ = {isa = PBXFileReference; fileEncoding = 4; lastKnownFileType = sourcecode.c.h; path = parseutils.h; sourceTree = "<group>"; };
		F9C3F2751BAC5EAC00421D56 /* pixdesc.h */ = {isa = PBXFileReference; fileEncoding = 4; lastKnownFileType = sourcecode.c.h; path = pixdesc.h; sourceTree = "<group>"; };
		F9C3F2761BAC5EAC00421D56 /* pixfmt.h */ = {isa = PBXFileReference; fileEncoding = 4; lastKnownFileType = sourcecode.c.h; path = pixfmt.h; sourceTree = "<group>"; };
		F9C3F2771BAC5EAC00421D56 /* random_seed.h */ = {isa = PBXFileReference; fileEncoding = 4; lastKnownFileType = sourcecode.c.h; path = random_seed.h; sourceTree = "<group>"; };
		F9C3F2781BAC5EAC00421D56 /* rational.h */ = {isa = PBXFileReference; fileEncoding = 4; lastKnownFileType = sourcecode.c.h; path = rational.h; sourceTree = "<group>"; };
		F9C3F2791BAC5EAC00421D56 /* replaygain.h */ = {isa = PBXFileReference; fileEncoding = 4; lastKnownFileType = sourcecode.c.h; path = replaygain.h; sourceTree = "<group>"; };
		F9C3F27A1BAC5EAC00421D56 /* samplefmt.h */ = {isa = PBXFileReference; fileEncoding = 4; lastKnownFileType = sourcecode.c.h; path = samplefmt.h; sourceTree = "<group>"; };
		F9C3F27B1BAC5EAC00421D56 /* sha.h */ = {isa = PBXFileReference; fileEncoding = 4; lastKnownFileType = sourcecode.c.h; path = sha.h; sourceTree = "<group>"; };
		F9C3F27C1BAC5EAC00421D56 /* stereo3d.h */ = {isa = PBXFileReference; fileEncoding = 4; lastKnownFileType = sourcecode.c.h; path = stereo3d.h; sourceTree = "<group>"; };
		F9C3F27D1BAC5EAC00421D56 /* time.h */ = {isa = PBXFileReference; fileEncoding = 4; lastKnownFileType = sourcecode.c.h; path = time.h; sourceTree = "<group>"; };
		F9C3F27E1BAC5EAC00421D56 /* version.h */ = {isa = PBXFileReference; fileEncoding = 4; lastKnownFileType = sourcecode.c.h; path = version.h; sourceTree = "<group>"; };
		F9C3F27F1BAC5EAC00421D56 /* xtea.h */ = {isa = PBXFileReference; fileEncoding = 4; lastKnownFileType = sourcecode.c.h; path = xtea.h; sourceTree = "<group>"; };
		F9C3F2811BAC5EAC00421D56 /* swscale.h */ = {isa = PBXFileReference; fileEncoding = 4; lastKnownFileType = sourcecode.c.h; path = swscale.h; sourceTree = "<group>"; };
		F9C3F2821BAC5EAC00421D56 /* version.h */ = {isa = PBXFileReference; fileEncoding = 4; lastKnownFileType = sourcecode.c.h; path = version.h; sourceTree = "<group>"; };
		F9C3F2841BAC5EAC00421D56 /* libavcodec.a */ = {isa = PBXFileReference; lastKnownFileType = archive.ar; path = libavcodec.a; sourceTree = "<group>"; };
		F9C3F2851BAC5EAC00421D56 /* libavdevice.a */ = {isa = PBXFileReference; lastKnownFileType = archive.ar; path = libavdevice.a; sourceTree = "<group>"; };
		F9C3F2861BAC5EAC00421D56 /* libavfilter.a */ = {isa = PBXFileReference; lastKnownFileType = archive.ar; path = libavfilter.a; sourceTree = "<group>"; };
		F9C3F2871BAC5EAC00421D56 /* libavformat.a */ = {isa = PBXFileReference; lastKnownFileType = archive.ar; path = libavformat.a; sourceTree = "<group>"; };
		F9C3F2881BAC5EAC00421D56 /* libavutil.a */ = {isa = PBXFileReference; lastKnownFileType = archive.ar; path = libavutil.a; sourceTree = "<group>"; };
		F9C3F2891BAC5EAC00421D56 /* libswscale.a */ = {isa = PBXFileReference; lastKnownFileType = archive.ar; path = libswscale.a; sourceTree = "<group>"; };
		F9C3F28C1BAC5EAC00421D56 /* speex.h */ = {isa = PBXFileReference; fileEncoding = 4; lastKnownFileType = sourcecode.c.h; path = speex.h; sourceTree = "<group>"; };
		F9C3F28D1BAC5EAC00421D56 /* speex_bits.h */ = {isa = PBXFileReference; fileEncoding = 4; lastKnownFileType = sourcecode.c.h; path = speex_bits.h; sourceTree = "<group>"; };
		F9C3F28E1BAC5EAC00421D56 /* speex_callbacks.h */ = {isa = PBXFileReference; fileEncoding = 4; lastKnownFileType = sourcecode.c.h; path = speex_callbacks.h; sourceTree = "<group>"; };
		F9C3F28F1BAC5EAC00421D56 /* speex_config_types.h */ = {isa = PBXFileReference; fileEncoding = 4; lastKnownFileType = sourcecode.c.h; path = speex_config_types.h; sourceTree = "<group>"; };
		F9C3F2901BAC5EAC00421D56 /* speex_header.h */ = {isa = PBXFileReference; fileEncoding = 4; lastKnownFileType = sourcecode.c.h; path = speex_header.h; sourceTree = "<group>"; };
		F9C3F2911BAC5EAC00421D56 /* speex_stereo.h */ = {isa = PBXFileReference; fileEncoding = 4; lastKnownFileType = sourcecode.c.h; path = speex_stereo.h; sourceTree = "<group>"; };
		F9C3F2921BAC5EAC00421D56 /* speex_types.h */ = {isa = PBXFileReference; fileEncoding = 4; lastKnownFileType = sourcecode.c.h; path = speex_types.h; sourceTree = "<group>"; };
		F9C3F2941BAC5EAC00421D56 /* libspeex.a */ = {isa = PBXFileReference; lastKnownFileType = archive.ar; path = libspeex.a; sourceTree = "<group>"; };
		F9C3F2971BAC5EAC00421D56 /* x264.h */ = {isa = PBXFileReference; fileEncoding = 4; lastKnownFileType = sourcecode.c.h; path = x264.h; sourceTree = "<group>"; };
		F9C3F2981BAC5EAC00421D56 /* x264_config.h */ = {isa = PBXFileReference; fileEncoding = 4; lastKnownFileType = sourcecode.c.h; path = x264_config.h; sourceTree = "<group>"; };
		F9C3F29A1BAC5EAC00421D56 /* libx264.a */ = {isa = PBXFileReference; lastKnownFileType = archive.ar; path = libx264.a; sourceTree = "<group>"; };
/* End PBXFileReference section */

/* Begin PBXFrameworksBuildPhase section */
		D38575FE19FA5E2D00B68561 /* Frameworks */ = {
			isa = PBXFrameworksBuildPhase;
			buildActionMask = 2147483647;
			files = (
				F9C3F2301BAC5E4D00421D56 /* libsqlite3.tbd in Frameworks */,
				F9C3F2311BAC5E4D00421D56 /* libz.tbd in Frameworks */,
				D385771119FA8D2500B68561 /* SystemConfiguration.framework in Frameworks */,
				F9C3F29B1BAC5EAC00421D56 /* libavcodec.a in Frameworks */,
				F9C3F29C1BAC5EAC00421D56 /* libavdevice.a in Frameworks */,
				F9C3F2A01BAC5EAC00421D56 /* libswscale.a in Frameworks */,
				F9C3F29D1BAC5EAC00421D56 /* libavfilter.a in Frameworks */,
				F9C3F29E1BAC5EAC00421D56 /* libavformat.a in Frameworks */,
				F9C3F29F1BAC5EAC00421D56 /* libavutil.a in Frameworks */,
				F9C3F2A11BAC5EAC00421D56 /* libspeex.a in Frameworks */,
				F9C3F2A21BAC5EAC00421D56 /* libx264.a in Frameworks */,
				D30948261AB9FD8D00A75DDC /* CommLibiOS.a in Frameworks */,
				D30948341AB9FD8D00A75DDC /* MediaLibiOS.a in Frameworks */,
				D30948241AB9FD8D00A75DDC /* backendless.a in Frameworks */,
			);
			runOnlyForDeploymentPostprocessing = 0;
		};
/* End PBXFrameworksBuildPhase section */

/* Begin PBXGroup section */
		D30947491AB9FD8C00A75DDC /* lib */ = {
			isa = PBXGroup;
			children = (
				F9C3F2321BAC5EAC00421D56 /* libav-11.4 */,
				F9C3F28A1BAC5EAC00421D56 /* speex-1.2rc2 */,
				F9C3F2951BAC5EAC00421D56 /* x264 */,
				D309474A1AB9FD8C00A75DDC /* backendless */,
				D30947841AB9FD8D00A75DDC /* CommLibiOS */,
				D309481B1AB9FD8D00A75DDC /* MediaLibiOS3x */,
			);
			name = lib;
			path = ../../../lib;
			sourceTree = "<group>";
		};
		D309474A1AB9FD8C00A75DDC /* backendless */ = {
			isa = PBXGroup;
			children = (
				D309474B1AB9FD8C00A75DDC /* backendless.a */,
				D309474C1AB9FD8C00A75DDC /* include */,
			);
			path = backendless;
			sourceTree = "<group>";
		};
		D309474C1AB9FD8C00A75DDC /* include */ = {
			isa = PBXGroup;
			children = (
				D30947511AB9FD8C00A75DDC /* Backendless-Bridging-Header.h */,
				F9356C6A1B6F8EC8009A01D9 /* Backendless-With-Media-Bridging-Header.h */,
				F9356C6B1B6F8EC8009A01D9 /* GeoFence.h */,
				F9356C6C1B6F8EC8009A01D9 /* ICallback.h */,
				F9356C6D1B6F8EC8009A01D9 /* LocationTracker.h */,
				F9356C6E1B6F8EC8009A01D9 /* Logger.h */,
				F9356C6F1B6F8EC8009A01D9 /* Logging.h */,
				D309474D1AB9FD8C00A75DDC /* AbstractProperty.h */,
				D309474E1AB9FD8C00A75DDC /* AbstractQuery.h */,
				D309474F1AB9FD8C00A75DDC /* AtomicCounters.h */,
				D30947501AB9FD8C00A75DDC /* AtomicCountersFactory.h */,
				D30947521AB9FD8C00A75DDC /* Backendless.h */,
				D30947531AB9FD8C00A75DDC /* BackendlessCachePolicy.h */,
				D30947541AB9FD8C00A75DDC /* BackendlessCacheProtocol.h */,
				D30947551AB9FD8C00A75DDC /* BackendlessCollection.h */,
				D30947561AB9FD8C00A75DDC /* BackendlessDataQuery.h */,
				D30947571AB9FD8C00A75DDC /* BackendlessEntity.h */,
				D30947581AB9FD8C00A75DDC /* BackendlessFile.h */,
				D30947591AB9FD8C00A75DDC /* BackendlessGeoQuery.h */,
				D309475A1AB9FD8C00A75DDC /* BackendlessUser.h */,
				D309475B1AB9FD8C00A75DDC /* BEAnnotation.h */,
				D309475C1AB9FD8C00A75DDC /* BECollectionView.h */,
				D309475D1AB9FD8C00A75DDC /* BEMapView.h */,
				D309475E1AB9FD8C00A75DDC /* BESubscription.h */,
				D309475F1AB9FD8C00A75DDC /* BETableView.h */,
				D30947601AB9FD8C00A75DDC /* CacheFactory.h */,
				D30947611AB9FD8C00A75DDC /* CacheService.h */,
				D30947621AB9FD8C00A75DDC /* CustomService.h */,
				D30947631AB9FD8C00A75DDC /* DataPermission.h */,
				D30947641AB9FD8C00A75DDC /* DataStoreFactory.h */,
				D30947651AB9FD8C00A75DDC /* DeliveryOptions.h */,
				D30947661AB9FD8C00A75DDC /* DeviceRegistration.h */,
				D30947671AB9FD8D00A75DDC /* Events.h */,
				D30947681AB9FD8D00A75DDC /* FilePermission.h */,
				D30947691AB9FD8D00A75DDC /* FileService.h */,
				D309476A1AB9FD8D00A75DDC /* GeoCategory.h */,
				D309476B1AB9FD8D00A75DDC /* GeoCluster.h */,
				D309476C1AB9FD8D00A75DDC /* GeoPoint.h */,
				D309476D1AB9FD8D00A75DDC /* GeoService.h */,
				D309476E1AB9FD8D00A75DDC /* HashMap.h */,
				D309476F1AB9FD8D00A75DDC /* IAtomicCounters.h */,
				D30947701AB9FD8D00A75DDC /* ICacheService.h */,
				D30947711AB9FD8D00A75DDC /* IDataStore.h */,
				D30947721AB9FD8D00A75DDC /* IMediaStreamer.h */,
				D30947731AB9FD8D00A75DDC /* MediaPlaybackOptions.h */,
				D30947741AB9FD8D00A75DDC /* MediaPlayer.h */,
				D30947751AB9FD8D00A75DDC /* MediaPublisher.h */,
				D30947761AB9FD8D00A75DDC /* MediaPublishOptions.h */,
				D30947771AB9FD8D00A75DDC /* MediaService.h */,
				D30947781AB9FD8D00A75DDC /* Message.h */,
				D30947791AB9FD8D00A75DDC /* MessageStatus.h */,
				D309477A1AB9FD8D00A75DDC /* MessagingService.h */,
				D309477B1AB9FD8D00A75DDC /* ObjectProperty.h */,
				D309477C1AB9FD8D00A75DDC /* PersistenceService.h */,
				D309477D1AB9FD8D00A75DDC /* ProtectedBackendlessGeoQuery.h */,
				D309477E1AB9FD8D00A75DDC /* PublishOptions.h */,
				D309477F1AB9FD8D00A75DDC /* QueryOptions.h */,
				D30947801AB9FD8D00A75DDC /* SubscriptionOptions.h */,
				D30947811AB9FD8D00A75DDC /* UserProperty.h */,
				D30947821AB9FD8D00A75DDC /* UserService.h */,
			);
			path = include;
			sourceTree = "<group>";
		};
		D30947841AB9FD8D00A75DDC /* CommLibiOS */ = {
			isa = PBXGroup;
			children = (
				D30947851AB9FD8D00A75DDC /* CommLibiOS.a */,
				D30947891AB9FD8D00A75DDC /* include */,
			);
			path = CommLibiOS;
			sourceTree = "<group>";
		};
		D30947891AB9FD8D00A75DDC /* include */ = {
			isa = PBXGroup;
			children = (
				D309478A1AB9FD8D00A75DDC /* AMFSerializer.h */,
				D309478B1AB9FD8D00A75DDC /* BinaryCodec.h */,
				D309478C1AB9FD8D00A75DDC /* BinaryStream.h */,
				D309478D1AB9FD8D00A75DDC /* DEBUG.h */,
				D309478E1AB9FD8D00A75DDC /* FlashorbBinaryReader.h */,
				D309478F1AB9FD8D00A75DDC /* FlashorbBinaryWriter.h */,
				D30947901AB9FD8D00A75DDC /* IAttributeStore.h */,
				D30947911AB9FD8D00A75DDC /* IClientSharedObject.h */,
				D30947921AB9FD8D00A75DDC /* IClientSharedObjectDelegate.h */,
				D30947931AB9FD8D00A75DDC /* IPendingServiceCallback.h */,
				D30947941AB9FD8D00A75DDC /* IPersistable.h */,
				D30947951AB9FD8D00A75DDC /* IRTMProtocol.h */,
				D30947961AB9FD8D00A75DDC /* IServiceCall.h */,
				D30947971AB9FD8D00A75DDC /* ISharedObjectListener.h */,
				D30947981AB9FD8D00A75DDC /* MemoryTicker.h */,
				D30947991AB9FD8D00A75DDC /* Responder.h */,
				D309479A1AB9FD8D00A75DDC /* RTMPClient.h */,
				D309479B1AB9FD8D00A75DDC /* Types.h */,
				D309479C1AB9FD8D00A75DDC /* WeborbClient.h */,
			);
			path = include;
			sourceTree = "<group>";
		};
		D309481B1AB9FD8D00A75DDC /* MediaLibiOS3x */ = {
			isa = PBXGroup;
			children = (
				D309481C1AB9FD8D00A75DDC /* include */,
				D30948231AB9FD8D00A75DDC /* MediaLibiOS.a */,
			);
			path = MediaLibiOS3x;
			sourceTree = "<group>";
		};
		D309481C1AB9FD8D00A75DDC /* include */ = {
			isa = PBXGroup;
			children = (
				D309481D1AB9FD8D00A75DDC /* BroadcastStreamClient.h */,
				D309481E1AB9FD8D00A75DDC /* MediaStreamPlayer.h */,
				D309481F1AB9FD8D00A75DDC /* MPMediaData.h */,
				D30948201AB9FD8D00A75DDC /* MPMediaDecoder.h */,
				D30948211AB9FD8D00A75DDC /* MPMediaEncoder.h */,
				D30948221AB9FD8D00A75DDC /* VideoPlayer.h */,
			);
			path = include;
			sourceTree = "<group>";
		};
		D38575F819FA5E2D00B68561 = {
			isa = PBXGroup;
			children = (
				D323EA6819FFAF7F001F84BD /* Bridging-Header.h */,
				D30947491AB9FD8C00A75DDC /* lib */,
				D385760319FA5E2D00B68561 /* VideoService */,
				D385771019FA8D2500B68561 /* SystemConfiguration.framework */,
				F9C3F22E1BAC5E4D00421D56 /* libsqlite3.tbd */,
				F9C3F22F1BAC5E4D00421D56 /* libz.tbd */,
				D385761919FA5E2E00B68561 /* VideoServiceTests */,
				D385760219FA5E2D00B68561 /* Products */,
			);
			sourceTree = "<group>";
		};
		D385760219FA5E2D00B68561 /* Products */ = {
			isa = PBXGroup;
			children = (
				D385760119FA5E2D00B68561 /* VideoService.app */,
			);
			name = Products;
			sourceTree = "<group>";
		};
		D385760319FA5E2D00B68561 /* VideoService */ = {
			isa = PBXGroup;
			children = (
				D385760619FA5E2D00B68561 /* AppDelegate.swift */,
				D385760819FA5E2D00B68561 /* ViewController.swift */,
				D385760A19FA5E2E00B68561 /* Main.storyboard */,
				D385760D19FA5E2E00B68561 /* Images.xcassets */,
				D385760F19FA5E2E00B68561 /* LaunchScreen.xib */,
				D385760419FA5E2D00B68561 /* Supporting Files */,
			);
			path = VideoService;
			sourceTree = "<group>";
		};
		D385760419FA5E2D00B68561 /* Supporting Files */ = {
			isa = PBXGroup;
			children = (
				D385760519FA5E2D00B68561 /* Info.plist */,
			);
			name = "Supporting Files";
			sourceTree = "<group>";
		};
		D385761919FA5E2E00B68561 /* VideoServiceTests */ = {
			isa = PBXGroup;
			children = (
				D385761C19FA5E2E00B68561 /* VideoServiceTests.swift */,
				D385761A19FA5E2E00B68561 /* Supporting Files */,
			);
			path = VideoServiceTests;
			sourceTree = "<group>";
		};
		D385761A19FA5E2E00B68561 /* Supporting Files */ = {
			isa = PBXGroup;
			children = (
				D385761B19FA5E2E00B68561 /* Info.plist */,
			);
			name = "Supporting Files";
			sourceTree = "<group>";
		};
		F9C3F2321BAC5EAC00421D56 /* libav-11.4 */ = {
			isa = PBXGroup;
			children = (
				F9C3F2331BAC5EAC00421D56 /* include */,
				F9C3F2831BAC5EAC00421D56 /* lib */,
			);
			path = "libav-11.4";
			sourceTree = "<group>";
		};
		F9C3F2331BAC5EAC00421D56 /* include */ = {
			isa = PBXGroup;
			children = (
				F9C3F2341BAC5EAC00421D56 /* libavcodec */,
				F9C3F23E1BAC5EAC00421D56 /* libavdevice */,
				F9C3F2411BAC5EAC00421D56 /* libavfilter */,
				F9C3F2471BAC5EAC00421D56 /* libavformat */,
				F9C3F24B1BAC5EAC00421D56 /* libavresample */,
				F9C3F24E1BAC5EAC00421D56 /* libavutil */,
				F9C3F2801BAC5EAC00421D56 /* libswscale */,
			);
			path = include;
			sourceTree = "<group>";
		};
		F9C3F2341BAC5EAC00421D56 /* libavcodec */ = {
			isa = PBXGroup;
			children = (
				F9C3F2351BAC5EAC00421D56 /* avcodec.h */,
				F9C3F2361BAC5EAC00421D56 /* avfft.h */,
				F9C3F2371BAC5EAC00421D56 /* dv_profile.h */,
				F9C3F2381BAC5EAC00421D56 /* dxva2.h */,
				F9C3F2391BAC5EAC00421D56 /* vaapi.h */,
				F9C3F23A1BAC5EAC00421D56 /* vda.h */,
				F9C3F23B1BAC5EAC00421D56 /* vdpau.h */,
				F9C3F23C1BAC5EAC00421D56 /* version.h */,
				F9C3F23D1BAC5EAC00421D56 /* xvmc.h */,
			);
			path = libavcodec;
			sourceTree = "<group>";
		};
		F9C3F23E1BAC5EAC00421D56 /* libavdevice */ = {
			isa = PBXGroup;
			children = (
				F9C3F23F1BAC5EAC00421D56 /* avdevice.h */,
				F9C3F2401BAC5EAC00421D56 /* version.h */,
			);
			path = libavdevice;
			sourceTree = "<group>";
		};
		F9C3F2411BAC5EAC00421D56 /* libavfilter */ = {
			isa = PBXGroup;
			children = (
				F9C3F2421BAC5EAC00421D56 /* avfilter.h */,
				F9C3F2431BAC5EAC00421D56 /* avfiltergraph.h */,
				F9C3F2441BAC5EAC00421D56 /* buffersink.h */,
				F9C3F2451BAC5EAC00421D56 /* buffersrc.h */,
				F9C3F2461BAC5EAC00421D56 /* version.h */,
			);
			path = libavfilter;
			sourceTree = "<group>";
		};
		F9C3F2471BAC5EAC00421D56 /* libavformat */ = {
			isa = PBXGroup;
			children = (
				F9C3F2481BAC5EAC00421D56 /* avformat.h */,
				F9C3F2491BAC5EAC00421D56 /* avio.h */,
				F9C3F24A1BAC5EAC00421D56 /* version.h */,
			);
			path = libavformat;
			sourceTree = "<group>";
		};
		F9C3F24B1BAC5EAC00421D56 /* libavresample */ = {
			isa = PBXGroup;
			children = (
				F9C3F24C1BAC5EAC00421D56 /* avresample.h */,
				F9C3F24D1BAC5EAC00421D56 /* version.h */,
			);
			path = libavresample;
			sourceTree = "<group>";
		};
		F9C3F24E1BAC5EAC00421D56 /* libavutil */ = {
			isa = PBXGroup;
			children = (
				F9C3F24F1BAC5EAC00421D56 /* adler32.h */,
				F9C3F2501BAC5EAC00421D56 /* aes.h */,
				F9C3F2511BAC5EAC00421D56 /* attributes.h */,
				F9C3F2521BAC5EAC00421D56 /* audio_fifo.h */,
				F9C3F2531BAC5EAC00421D56 /* audioconvert.h */,
				F9C3F2541BAC5EAC00421D56 /* avassert.h */,
				F9C3F2551BAC5EAC00421D56 /* avconfig.h */,
				F9C3F2561BAC5EAC00421D56 /* avstring.h */,
				F9C3F2571BAC5EAC00421D56 /* avutil.h */,
				F9C3F2581BAC5EAC00421D56 /* base64.h */,
				F9C3F2591BAC5EAC00421D56 /* blowfish.h */,
				F9C3F25A1BAC5EAC00421D56 /* bswap.h */,
				F9C3F25B1BAC5EAC00421D56 /* buffer.h */,
				F9C3F25C1BAC5EAC00421D56 /* channel_layout.h */,
				F9C3F25D1BAC5EAC00421D56 /* common.h */,
				F9C3F25E1BAC5EAC00421D56 /* cpu.h */,
				F9C3F25F1BAC5EAC00421D56 /* crc.h */,
				F9C3F2601BAC5EAC00421D56 /* dict.h */,
				F9C3F2611BAC5EAC00421D56 /* display.h */,
				F9C3F2621BAC5EAC00421D56 /* downmix_info.h */,
				F9C3F2631BAC5EAC00421D56 /* error.h */,
				F9C3F2641BAC5EAC00421D56 /* eval.h */,
				F9C3F2651BAC5EAC00421D56 /* fifo.h */,
				F9C3F2661BAC5EAC00421D56 /* file.h */,
				F9C3F2671BAC5EAC00421D56 /* frame.h */,
				F9C3F2681BAC5EAC00421D56 /* hmac.h */,
				F9C3F2691BAC5EAC00421D56 /* imgutils.h */,
				F9C3F26A1BAC5EAC00421D56 /* intfloat.h */,
				F9C3F26B1BAC5EAC00421D56 /* intreadwrite.h */,
				F9C3F26C1BAC5EAC00421D56 /* lfg.h */,
				F9C3F26D1BAC5EAC00421D56 /* log.h */,
				F9C3F26E1BAC5EAC00421D56 /* macros.h */,
				F9C3F26F1BAC5EAC00421D56 /* mathematics.h */,
				F9C3F2701BAC5EAC00421D56 /* md5.h */,
				F9C3F2711BAC5EAC00421D56 /* mem.h */,
				F9C3F2721BAC5EAC00421D56 /* old_pix_fmts.h */,
				F9C3F2731BAC5EAC00421D56 /* opt.h */,
				F9C3F2741BAC5EAC00421D56 /* parseutils.h */,
				F9C3F2751BAC5EAC00421D56 /* pixdesc.h */,
				F9C3F2761BAC5EAC00421D56 /* pixfmt.h */,
				F9C3F2771BAC5EAC00421D56 /* random_seed.h */,
				F9C3F2781BAC5EAC00421D56 /* rational.h */,
				F9C3F2791BAC5EAC00421D56 /* replaygain.h */,
				F9C3F27A1BAC5EAC00421D56 /* samplefmt.h */,
				F9C3F27B1BAC5EAC00421D56 /* sha.h */,
				F9C3F27C1BAC5EAC00421D56 /* stereo3d.h */,
				F9C3F27D1BAC5EAC00421D56 /* time.h */,
				F9C3F27E1BAC5EAC00421D56 /* version.h */,
				F9C3F27F1BAC5EAC00421D56 /* xtea.h */,
			);
			path = libavutil;
			sourceTree = "<group>";
		};
		F9C3F2801BAC5EAC00421D56 /* libswscale */ = {
			isa = PBXGroup;
			children = (
				F9C3F2811BAC5EAC00421D56 /* swscale.h */,
				F9C3F2821BAC5EAC00421D56 /* version.h */,
			);
			path = libswscale;
			sourceTree = "<group>";
		};
		F9C3F2831BAC5EAC00421D56 /* lib */ = {
			isa = PBXGroup;
			children = (
				F9C3F2841BAC5EAC00421D56 /* libavcodec.a */,
				F9C3F2851BAC5EAC00421D56 /* libavdevice.a */,
				F9C3F2861BAC5EAC00421D56 /* libavfilter.a */,
				F9C3F2871BAC5EAC00421D56 /* libavformat.a */,
				F9C3F2881BAC5EAC00421D56 /* libavutil.a */,
				F9C3F2891BAC5EAC00421D56 /* libswscale.a */,
			);
			path = lib;
			sourceTree = "<group>";
		};
		F9C3F28A1BAC5EAC00421D56 /* speex-1.2rc2 */ = {
			isa = PBXGroup;
			children = (
				F9C3F28B1BAC5EAC00421D56 /* include */,
				F9C3F2931BAC5EAC00421D56 /* lib */,
			);
			path = "speex-1.2rc2";
			sourceTree = "<group>";
		};
		F9C3F28B1BAC5EAC00421D56 /* include */ = {
			isa = PBXGroup;
			children = (
				F9C3F28C1BAC5EAC00421D56 /* speex.h */,
				F9C3F28D1BAC5EAC00421D56 /* speex_bits.h */,
				F9C3F28E1BAC5EAC00421D56 /* speex_callbacks.h */,
				F9C3F28F1BAC5EAC00421D56 /* speex_config_types.h */,
				F9C3F2901BAC5EAC00421D56 /* speex_header.h */,
				F9C3F2911BAC5EAC00421D56 /* speex_stereo.h */,
				F9C3F2921BAC5EAC00421D56 /* speex_types.h */,
			);
			path = include;
			sourceTree = "<group>";
		};
		F9C3F2931BAC5EAC00421D56 /* lib */ = {
			isa = PBXGroup;
			children = (
				F9C3F2941BAC5EAC00421D56 /* libspeex.a */,
			);
			path = lib;
			sourceTree = "<group>";
		};
		F9C3F2951BAC5EAC00421D56 /* x264 */ = {
			isa = PBXGroup;
			children = (
				F9C3F2961BAC5EAC00421D56 /* include */,
				F9C3F2991BAC5EAC00421D56 /* lib */,
			);
			path = x264;
			sourceTree = "<group>";
		};
		F9C3F2961BAC5EAC00421D56 /* include */ = {
			isa = PBXGroup;
			children = (
				F9C3F2971BAC5EAC00421D56 /* x264.h */,
				F9C3F2981BAC5EAC00421D56 /* x264_config.h */,
			);
			path = include;
			sourceTree = "<group>";
		};
		F9C3F2991BAC5EAC00421D56 /* lib */ = {
			isa = PBXGroup;
			children = (
				F9C3F29A1BAC5EAC00421D56 /* libx264.a */,
			);
			path = lib;
			sourceTree = "<group>";
		};
/* End PBXGroup section */

/* Begin PBXNativeTarget section */
		D385760019FA5E2D00B68561 /* VideoService */ = {
			isa = PBXNativeTarget;
			buildConfigurationList = D385762019FA5E2E00B68561 /* Build configuration list for PBXNativeTarget "VideoService" */;
			buildPhases = (
				D38575FD19FA5E2D00B68561 /* Sources */,
				D38575FE19FA5E2D00B68561 /* Frameworks */,
				D38575FF19FA5E2D00B68561 /* Resources */,
			);
			buildRules = (
			);
			dependencies = (
			);
			name = VideoService;
			productName = VideoService;
			productReference = D385760119FA5E2D00B68561 /* VideoService.app */;
			productType = "com.apple.product-type.application";
		};
/* End PBXNativeTarget section */

/* Begin PBXProject section */
		D38575F919FA5E2D00B68561 /* Project object */ = {
			isa = PBXProject;
			attributes = {
				LastSwiftMigration = 0700;
				LastSwiftUpdateCheck = 0700;
				LastUpgradeCheck = 0700;
				ORGANIZATIONNAME = BACKENDLESS.COM;
				TargetAttributes = {
					D385760019FA5E2D00B68561 = {
						CreatedOnToolsVersion = 6.1;
					};
				};
			};
			buildConfigurationList = D38575FC19FA5E2D00B68561 /* Build configuration list for PBXProject "VideoService" */;
			compatibilityVersion = "Xcode 3.2";
			developmentRegion = English;
			hasScannedForEncodings = 0;
			knownRegions = (
				en,
				Base,
			);
			mainGroup = D38575F819FA5E2D00B68561;
			productRefGroup = D385760219FA5E2D00B68561 /* Products */;
			projectDirPath = "";
			projectRoot = "";
			targets = (
				D385760019FA5E2D00B68561 /* VideoService */,
			);
		};
/* End PBXProject section */

/* Begin PBXResourcesBuildPhase section */
		D38575FF19FA5E2D00B68561 /* Resources */ = {
			isa = PBXResourcesBuildPhase;
			buildActionMask = 2147483647;
			files = (
				D385760C19FA5E2E00B68561 /* Main.storyboard in Resources */,
				D385761119FA5E2E00B68561 /* LaunchScreen.xib in Resources */,
				D385760E19FA5E2E00B68561 /* Images.xcassets in Resources */,
			);
			runOnlyForDeploymentPostprocessing = 0;
		};
/* End PBXResourcesBuildPhase section */

/* Begin PBXSourcesBuildPhase section */
		D38575FD19FA5E2D00B68561 /* Sources */ = {
			isa = PBXSourcesBuildPhase;
			buildActionMask = 2147483647;
			files = (
				D385760919FA5E2D00B68561 /* ViewController.swift in Sources */,
				D385760719FA5E2D00B68561 /* AppDelegate.swift in Sources */,
			);
			runOnlyForDeploymentPostprocessing = 0;
		};
/* End PBXSourcesBuildPhase section */

/* Begin PBXVariantGroup section */
		D385760A19FA5E2E00B68561 /* Main.storyboard */ = {
			isa = PBXVariantGroup;
			children = (
				D385760B19FA5E2E00B68561 /* Base */,
			);
			name = Main.storyboard;
			sourceTree = "<group>";
		};
		D385760F19FA5E2E00B68561 /* LaunchScreen.xib */ = {
			isa = PBXVariantGroup;
			children = (
				D385761019FA5E2E00B68561 /* Base */,
			);
			name = LaunchScreen.xib;
			sourceTree = "<group>";
		};
/* End PBXVariantGroup section */

/* Begin XCBuildConfiguration section */
		D385761E19FA5E2E00B68561 /* Debug */ = {
			isa = XCBuildConfiguration;
			buildSettings = {
				ALWAYS_SEARCH_USER_PATHS = NO;
				CLANG_CXX_LANGUAGE_STANDARD = "gnu++0x";
				CLANG_CXX_LIBRARY = "libc++";
				CLANG_ENABLE_MODULES = YES;
				CLANG_ENABLE_OBJC_ARC = YES;
				CLANG_WARN_BOOL_CONVERSION = YES;
				CLANG_WARN_CONSTANT_CONVERSION = YES;
				CLANG_WARN_DIRECT_OBJC_ISA_USAGE = YES_ERROR;
				CLANG_WARN_EMPTY_BODY = YES;
				CLANG_WARN_ENUM_CONVERSION = YES;
				CLANG_WARN_INT_CONVERSION = YES;
				CLANG_WARN_OBJC_ROOT_CLASS = YES_ERROR;
				CLANG_WARN_UNREACHABLE_CODE = YES;
				CLANG_WARN__DUPLICATE_METHOD_MATCH = YES;
				"CODE_SIGN_IDENTITY[sdk=iphoneos*]" = "iPhone Developer";
				COPY_PHASE_STRIP = NO;
				ENABLE_STRICT_OBJC_MSGSEND = YES;
				ENABLE_TESTABILITY = YES;
				GCC_C_LANGUAGE_STANDARD = gnu99;
				GCC_DYNAMIC_NO_PIC = NO;
				GCC_OPTIMIZATION_LEVEL = 0;
				GCC_PREPROCESSOR_DEFINITIONS = (
					"DEBUG=1",
					"$(inherited)",
				);
				GCC_SYMBOLS_PRIVATE_EXTERN = NO;
				GCC_WARN_64_TO_32_BIT_CONVERSION = YES;
				GCC_WARN_ABOUT_RETURN_TYPE = YES_ERROR;
				GCC_WARN_UNDECLARED_SELECTOR = YES;
				GCC_WARN_UNINITIALIZED_AUTOS = YES_AGGRESSIVE;
				GCC_WARN_UNUSED_FUNCTION = YES;
				GCC_WARN_UNUSED_VARIABLE = YES;
				IPHONEOS_DEPLOYMENT_TARGET = 8.1;
				LIBRARY_SEARCH_PATHS = (
					"$(inherited)",
					"$(SRCROOT)/../../../lib/backendless",
					"$(SRCROOT)/../../../lib/CommLibiOS",
					"$(SRCROOT)/../../../lib/MediaLibiOS3x",
					"$(SRCROOT)/../../../lib/ffmpeg-2.2.1/lib",
					"$(SRCROOT)/../../../lib/libspeex-1.2rc1/lib",
					"$(SRCROOT)/../../../lib/libx264-r2409/lib",
				);
				MTL_ENABLE_DEBUG_INFO = YES;
				ONLY_ACTIVE_ARCH = YES;
				SDKROOT = iphoneos;
				SWIFT_OBJC_BRIDGING_HEADER = "Bridging-Header.h";
				SWIFT_OPTIMIZATION_LEVEL = "-Onone";
			};
			name = Debug;
		};
		D385761F19FA5E2E00B68561 /* Release */ = {
			isa = XCBuildConfiguration;
			buildSettings = {
				ALWAYS_SEARCH_USER_PATHS = NO;
				CLANG_CXX_LANGUAGE_STANDARD = "gnu++0x";
				CLANG_CXX_LIBRARY = "libc++";
				CLANG_ENABLE_MODULES = YES;
				CLANG_ENABLE_OBJC_ARC = YES;
				CLANG_WARN_BOOL_CONVERSION = YES;
				CLANG_WARN_CONSTANT_CONVERSION = YES;
				CLANG_WARN_DIRECT_OBJC_ISA_USAGE = YES_ERROR;
				CLANG_WARN_EMPTY_BODY = YES;
				CLANG_WARN_ENUM_CONVERSION = YES;
				CLANG_WARN_INT_CONVERSION = YES;
				CLANG_WARN_OBJC_ROOT_CLASS = YES_ERROR;
				CLANG_WARN_UNREACHABLE_CODE = YES;
				CLANG_WARN__DUPLICATE_METHOD_MATCH = YES;
				"CODE_SIGN_IDENTITY[sdk=iphoneos*]" = "iPhone Developer";
				COPY_PHASE_STRIP = YES;
				ENABLE_NS_ASSERTIONS = NO;
				ENABLE_STRICT_OBJC_MSGSEND = YES;
				GCC_C_LANGUAGE_STANDARD = gnu99;
				GCC_WARN_64_TO_32_BIT_CONVERSION = YES;
				GCC_WARN_ABOUT_RETURN_TYPE = YES_ERROR;
				GCC_WARN_UNDECLARED_SELECTOR = YES;
				GCC_WARN_UNINITIALIZED_AUTOS = YES_AGGRESSIVE;
				GCC_WARN_UNUSED_FUNCTION = YES;
				GCC_WARN_UNUSED_VARIABLE = YES;
				IPHONEOS_DEPLOYMENT_TARGET = 8.1;
				LIBRARY_SEARCH_PATHS = (
					"$(inherited)",
					"$(SRCROOT)/../../../lib/backendless",
					"$(SRCROOT)/../../../lib/CommLibiOS",
					"$(SRCROOT)/../../../lib/MediaLibiOS3x",
					"$(SRCROOT)/../../../lib/ffmpeg-2.2.1/lib",
					"$(SRCROOT)/../../../lib/libspeex-1.2rc1/lib",
					"$(SRCROOT)/../../../lib/libx264-r2409/lib",
				);
				MTL_ENABLE_DEBUG_INFO = NO;
				SDKROOT = iphoneos;
				SWIFT_OBJC_BRIDGING_HEADER = "Bridging-Header.h";
				VALIDATE_PRODUCT = YES;
			};
			name = Release;
		};
		D385762119FA5E2E00B68561 /* Debug */ = {
			isa = XCBuildConfiguration;
			buildSettings = {
				ASSETCATALOG_COMPILER_APPICON_NAME = AppIcon;
				ENABLE_BITCODE = YES;
				INFOPLIST_FILE = VideoService/Info.plist;
				LD_RUNPATH_SEARCH_PATHS = "$(inherited) @executable_path/Frameworks";
				LIBRARY_SEARCH_PATHS = (
					"$(inherited)",
					"$(PROJECT_DIR)/../../../lib/**",
				);
				PRODUCT_BUNDLE_IDENTIFIER = "com.themidnightcoders.$(PRODUCT_NAME:rfc1034identifier)";
				PRODUCT_NAME = "$(TARGET_NAME)";
				SWIFT_OBJC_BRIDGING_HEADER = "Bridging-Header.h";
				TARGETED_DEVICE_FAMILY = 1;
				VALID_ARCHS = "arm64 armv7";
			};
			name = Debug;
		};
		D385762219FA5E2E00B68561 /* Release */ = {
			isa = XCBuildConfiguration;
			buildSettings = {
				ASSETCATALOG_COMPILER_APPICON_NAME = AppIcon;
				ENABLE_BITCODE = YES;
				INFOPLIST_FILE = VideoService/Info.plist;
				LD_RUNPATH_SEARCH_PATHS = "$(inherited) @executable_path/Frameworks";
				LIBRARY_SEARCH_PATHS = (
					"$(inherited)",
					"$(PROJECT_DIR)/../../../lib/**",
				);
				PRODUCT_BUNDLE_IDENTIFIER = "com.themidnightcoders.$(PRODUCT_NAME:rfc1034identifier)";
				PRODUCT_NAME = "$(TARGET_NAME)";
				SWIFT_OBJC_BRIDGING_HEADER = "Bridging-Header.h";
				TARGETED_DEVICE_FAMILY = 1;
				VALID_ARCHS = "arm64 armv7";
			};
			name = Release;
		};
/* End XCBuildConfiguration section */

/* Begin XCConfigurationList section */
		D38575FC19FA5E2D00B68561 /* Build configuration list for PBXProject "VideoService" */ = {
			isa = XCConfigurationList;
			buildConfigurations = (
				D385761E19FA5E2E00B68561 /* Debug */,
				D385761F19FA5E2E00B68561 /* Release */,
			);
			defaultConfigurationIsVisible = 0;
			defaultConfigurationName = Release;
		};
		D385762019FA5E2E00B68561 /* Build configuration list for PBXNativeTarget "VideoService" */ = {
			isa = XCConfigurationList;
			buildConfigurations = (
				D385762119FA5E2E00B68561 /* Debug */,
				D385762219FA5E2E00B68561 /* Release */,
			);
			defaultConfigurationIsVisible = 0;
			defaultConfigurationName = Release;
		};
/* End XCConfigurationList section */
	};
	rootObject = D38575F919FA5E2D00B68561 /* Project object */;
}
